
Microsoft Visual Studio Solution File, Format Version 10.00
# Visual Studio 2008
Project("{8BC9CEB8-8B4A-11D0-8D11-00A0C91BC942}") = "MP285", "MP285.vcproj", "{FEC6A7E8-6DB2-4DB0-9DB4-B568D0C1E521}"
EndProject
Global
	GlobalSection(SolutionConfigurationPlatforms) = preSolution
		Debug|Win32 = Debug|Win32
		Release|Win32 = Release|Win32
	EndGlobalSection
	GlobalSection(ProjectConfigurationPlatforms) = postSolution
		{FEC6A7E8-6DB2-4DB0-9DB4-B568D0C1E521}.Debug|Win32.ActiveCfg = Debug|Win32
		{FEC6A7E8-6DB2-4DB0-9DB4-B568D0C1E521}.Debug|Win32.Build.0 = Debug|Win32
		{FEC6A7E8-6DB2-4DB0-9DB4-B568D0C1E521}.Release|Win32.ActiveCfg = Release|Win32
		{FEC6A7E8-6DB2-4DB0-9DB4-B568D0C1E521}.Release|Win32.Build.0 = Release|Win32
	EndGlobalSection
	GlobalSection(SolutionProperties) = preSolution
		HideSolutionNode = FALSE
	EndGlobalSection
EndGlobal
