<?xml version="1.0" encoding="utf-8"?>
<Project ToolsVersion="4.0" xmlns="http://schemas.microsoft.com/developer/msbuild/2003">
  <ItemGroup>
    <Filter Include="Source Files">
      <UniqueIdentifier>{4FC737F1-C7A5-4376-A066-2A32D752A2FF}</UniqueIdentifier>
      <Extensions>cpp;c;cc;cxx;def;odl;idl;hpj;bat;asm;asmx</Extensions>
    </Filter>
    <Filter Include="Header Files">
      <UniqueIdentifier>{93995380-89BD-4b04-88EB-625FBE52EBFB}</UniqueIdentifier>
      <Extensions>h;hpp;hxx;hm;inl;inc;xsd</Extensions>
    </Filter>
    <Filter Include="Micro Manager Headers">
      <UniqueIdentifier>{9d84756e-f907-479f-9dbc-249f9e4b24d8}</UniqueIdentifier>
    </Filter>
  </ItemGroup>
  <ItemGroup>
    <ClCompile Include="MCL_MicroDrive.cpp">
      <Filter>Source Files</Filter>
    </ClCompile>
    <ClCompile Include="MicroDriveXYStage.cpp">
      <Filter>Source Files</Filter>
    </ClCompile>
    <ClCompile Include="handle_list_if.cpp">
      <Filter>Source Files</Filter>
    </ClCompile>
    <ClCompile Include="HandleListType.cpp">
      <Filter>Source Files</Filter>
    </ClCompile>
    <ClCompile Include="MicroDriveZStage.cpp">
      <Filter>Source Files</Filter>
    </ClCompile>
    <ClCompile Include="mdutils.cpp">
      <Filter>Source Files</Filter>
    </ClCompile>
  </ItemGroup>
  <ItemGroup>
    <ClInclude Include="MCL_MicroDrive.h">
      <Filter>Header Files</Filter>
    </ClInclude>
    <ClInclude Include="MicroDrive.h">
      <Filter>Header Files</Filter>
    </ClInclude>
    <ClInclude Include="MicroDriveXYStage.h">
      <Filter>Header Files</Filter>
    </ClInclude>
    <ClInclude Include="..\MMDevice\DeviceBase.h">
      <Filter>Micro Manager Headers</Filter>
    </ClInclude>
    <ClInclude Include="..\MMDevice\DeviceUtils.h">
      <Filter>Micro Manager Headers</Filter>
    </ClInclude>
    <ClInclude Include="..\MMDevice\MMDevice.h">
      <Filter>Micro Manager Headers</Filter>
    </ClInclude>
    <ClInclude Include="..\MMDevice\MMDeviceConstants.h">
      <Filter>Micro Manager Headers</Filter>
    </ClInclude>
    <ClInclude Include="..\MMDevice\ModuleInterface.h">
      <Filter>Micro Manager Headers</Filter>
    </ClInclude>
    <ClInclude Include="..\MMDevice\Property.h">
      <Filter>Micro Manager Headers</Filter>
    </ClInclude>
    <ClInclude Include="handle_list_if.h">
      <Filter>Header Files</Filter>
    </ClInclude>
    <ClInclude Include="HandleListType.h">
      <Filter>Header Files</Filter>
    </ClInclude>
    <ClInclude Include="MicroDriveZStage.h">
      <Filter>Header Files</Filter>
    </ClInclude>
    <ClInclude Include="mdutils.h">
      <Filter>Header Files</Filter>
    </ClInclude>
  </ItemGroup>
</Project>