<?xml version="1.0" encoding="utf-8"?>
<Project ToolsVersion="4.0" xmlns="http://schemas.microsoft.com/developer/msbuild/2003">
  <ItemGroup>
    <Filter Include="Source Files">
      <UniqueIdentifier>{4FC737F1-C7A5-4376-A066-2A32D752A2FF}</UniqueIdentifier>
      <Extensions>cpp;c;cxx;def;odl;idl;hpj;bat;asm;asmx</Extensions>
    </Filter>
    <Filter Include="Header Files">
      <UniqueIdentifier>{93995380-89BD-4b04-88EB-625FBE52EBFB}</UniqueIdentifier>
      <Extensions>h;hpp;hxx;hm;inl;inc;xsd</Extensions>
    </Filter>
    <Filter Include="Resource Files">
      <UniqueIdentifier>{67DA6AB6-F800-4c08-8B7A-83BB121AAD01}</UniqueIdentifier>
      <Extensions>rc;ico;cur;bmp;dlg;rc2;rct;bin;rgs;gif;jpg;jpeg;jpe;resx</Extensions>
    </Filter>
    <Filter Include="Header Files\Devices">
      <UniqueIdentifier>{92b7b56d-c949-4beb-9ce1-d32c769e2ed4}</UniqueIdentifier>
    </Filter>
    <Filter Include="Header Files\LoadableModules">
      <UniqueIdentifier>{c8813221-f12d-4a9c-9e21-4de446e1faa4}</UniqueIdentifier>
    </Filter>
    <Filter Include="Source Files\Devices">
      <UniqueIdentifier>{b904f289-ebd6-4d88-95cc-993614b2eca7}</UniqueIdentifier>
    </Filter>
    <Filter Include="Source Files\LoadableModules">
      <UniqueIdentifier>{764ae36a-5168-425f-b711-03a01fe55b5e}</UniqueIdentifier>
    </Filter>
    <Filter Include="Header Files\Logging">
      <UniqueIdentifier>{00ee4ab9-5b43-400c-915c-0ac80094558b}</UniqueIdentifier>
    </Filter>
    <Filter Include="Source Files\Logging">
      <UniqueIdentifier>{55d1c48b-4777-4d68-9b8a-5d6b45de8d7f}</UniqueIdentifier>
    </Filter>
  </ItemGroup>
  <ItemGroup>
    <ClCompile Include="CircularBuffer.cpp">
      <Filter>Source Files</Filter>
    </ClCompile>
    <ClCompile Include="Configuration.cpp">
      <Filter>Source Files</Filter>
    </ClCompile>
    <ClCompile Include="CoreCallback.cpp">
      <Filter>Source Files</Filter>
    </ClCompile>
    <ClCompile Include="CoreProperty.cpp">
      <Filter>Source Files</Filter>
    </ClCompile>
    <ClCompile Include="Host.cpp">
      <Filter>Source Files</Filter>
    </ClCompile>
    <ClCompile Include="MMCore.cpp">
      <Filter>Source Files</Filter>
    </ClCompile>
    <ClCompile Include="PluginManager.cpp">
      <Filter>Source Files</Filter>
    </ClCompile>
    <ClCompile Include="Error.cpp">
      <Filter>Source Files</Filter>
    </ClCompile>
    <ClCompile Include="FrameBuffer.cpp">
      <Filter>Source Files</Filter>
    </ClCompile>
    <ClCompile Include="LoadableModules\LoadedDeviceAdapter.cpp">
      <Filter>Source Files\LoadableModules</Filter>
    </ClCompile>
    <ClCompile Include="LoadableModules\LoadedModuleImplWindows.cpp">
      <Filter>Source Files\LoadableModules</Filter>
    </ClCompile>
    <ClCompile Include="LoadableModules\LoadedModule.cpp">
      <Filter>Source Files\LoadableModules</Filter>
    </ClCompile>
    <ClCompile Include="LoadableModules\LoadedModuleImpl.cpp">
      <Filter>Source Files\LoadableModules</Filter>
    </ClCompile>
    <ClCompile Include="Devices\DeviceInstance.cpp">
      <Filter>Source Files\Devices</Filter>
    </ClCompile>
    <ClCompile Include="Devices\AutoFocusInstance.cpp">
      <Filter>Source Files\Devices</Filter>
    </ClCompile>
    <ClCompile Include="Devices\CameraInstance.cpp">
      <Filter>Source Files\Devices</Filter>
    </ClCompile>
    <ClCompile Include="Devices\GalvoInstance.cpp">
      <Filter>Source Files\Devices</Filter>
    </ClCompile>
    <ClCompile Include="Devices\HubInstance.cpp">
      <Filter>Source Files\Devices</Filter>
    </ClCompile>
    <ClCompile Include="Devices\ImageProcessorInstance.cpp">
      <Filter>Source Files\Devices</Filter>
    </ClCompile>
    <ClCompile Include="Devices\MagnifierInstance.cpp">
      <Filter>Source Files\Devices</Filter>
    </ClCompile>
    <ClCompile Include="Devices\SerialInstance.cpp">
      <Filter>Source Files\Devices</Filter>
    </ClCompile>
    <ClCompile Include="Devices\ShutterInstance.cpp">
      <Filter>Source Files\Devices</Filter>
    </ClCompile>
    <ClCompile Include="Devices\SignalIOInstance.cpp">
      <Filter>Source Files\Devices</Filter>
    </ClCompile>
    <ClCompile Include="Devices\SLMInstance.cpp">
      <Filter>Source Files\Devices</Filter>
    </ClCompile>
    <ClCompile Include="Devices\StageInstance.cpp">
      <Filter>Source Files\Devices</Filter>
    </ClCompile>
    <ClCompile Include="Devices\StateInstance.cpp">
      <Filter>Source Files\Devices</Filter>
    </ClCompile>
    <ClCompile Include="Devices\XYStageInstance.cpp">
      <Filter>Source Files\Devices</Filter>
    </ClCompile>
    <ClCompile Include="LibraryInfo\LibraryPathsWindows.cpp">
      <Filter>Source Files</Filter>
    </ClCompile>
    <ClCompile Include="LogManager.cpp">
      <Filter>Source Files</Filter>
    </ClCompile>
    <ClCompile Include="DeviceManager.cpp">
      <Filter>Source Files</Filter>
    </ClCompile>
    <ClCompile Include="Logging\Metadata.cpp">
      <Filter>Source Files\Logging</Filter>
    </ClCompile>
  </ItemGroup>
  <ItemGroup>
    <ClInclude Include="CircularBuffer.h">
      <Filter>Header Files</Filter>
    </ClInclude>
    <ClInclude Include="ConfigGroup.h">
      <Filter>Header Files</Filter>
    </ClInclude>
    <ClInclude Include="Configuration.h">
      <Filter>Header Files</Filter>
    </ClInclude>
    <ClInclude Include="CoreCallback.h">
      <Filter>Header Files</Filter>
    </ClInclude>
    <ClInclude Include="CoreProperty.h">
      <Filter>Header Files</Filter>
    </ClInclude>
    <ClInclude Include="CoreUtils.h">
      <Filter>Header Files</Filter>
    </ClInclude>
    <ClInclude Include="Error.h">
      <Filter>Header Files</Filter>
    </ClInclude>
    <ClInclude Include="FrameBuffer.h">
      <Filter>Header Files</Filter>
    </ClInclude>
    <ClInclude Include="Host.h">
      <Filter>Header Files</Filter>
    </ClInclude>
    <ClInclude Include="MMCore.h">
      <Filter>Header Files</Filter>
    </ClInclude>
    <ClInclude Include="MMEventCallback.h">
      <Filter>Header Files</Filter>
    </ClInclude>
    <ClInclude Include="PluginManager.h">
      <Filter>Header Files</Filter>
    </ClInclude>
    <ClInclude Include="Devices\AutoFocusInstance.h">
      <Filter>Header Files\Devices</Filter>
    </ClInclude>
    <ClInclude Include="Devices\CameraInstance.h">
      <Filter>Header Files\Devices</Filter>
    </ClInclude>
    <ClInclude Include="Devices\DeviceInstance.h">
      <Filter>Header Files\Devices</Filter>
    </ClInclude>
    <ClInclude Include="Devices\DeviceInstances.h">
      <Filter>Header Files\Devices</Filter>
    </ClInclude>
    <ClInclude Include="Devices\GalvoInstance.h">
      <Filter>Header Files\Devices</Filter>
    </ClInclude>
    <ClInclude Include="Devices\HubInstance.h">
      <Filter>Header Files\Devices</Filter>
    </ClInclude>
    <ClInclude Include="Devices\ImageProcessorInstance.h">
      <Filter>Header Files\Devices</Filter>
    </ClInclude>
    <ClInclude Include="Devices\MagnifierInstance.h">
      <Filter>Header Files\Devices</Filter>
    </ClInclude>
    <ClInclude Include="Devices\SerialInstance.h">
      <Filter>Header Files\Devices</Filter>
    </ClInclude>
    <ClInclude Include="Devices\ShutterInstance.h">
      <Filter>Header Files\Devices</Filter>
    </ClInclude>
    <ClInclude Include="Devices\SignalIOInstance.h">
      <Filter>Header Files\Devices</Filter>
    </ClInclude>
    <ClInclude Include="Devices\SLMInstance.h">
      <Filter>Header Files\Devices</Filter>
    </ClInclude>
    <ClInclude Include="Devices\StageInstance.h">
      <Filter>Header Files\Devices</Filter>
    </ClInclude>
    <ClInclude Include="Devices\StateInstance.h">
      <Filter>Header Files\Devices</Filter>
    </ClInclude>
    <ClInclude Include="Devices\XYStageInstance.h">
      <Filter>Header Files\Devices</Filter>
    </ClInclude>
    <ClInclude Include="LoadableModules\LoadedDeviceAdapter.h">
      <Filter>Header Files\LoadableModules</Filter>
    </ClInclude>
    <ClInclude Include="LoadableModules\LoadedModuleImplWindows.h">
      <Filter>Header Files\LoadableModules</Filter>
    </ClInclude>
    <ClInclude Include="LoadableModules\LoadedModule.h">
      <Filter>Header Files\LoadableModules</Filter>
    </ClInclude>
    <ClInclude Include="LoadableModules\LoadedModuleImpl.h">
      <Filter>Header Files\LoadableModules</Filter>
    </ClInclude>
    <ClInclude Include="Devices\GenericInstance.h">
      <Filter>Header Files\Devices</Filter>
    </ClInclude>
    <ClInclude Include="Devices\DeviceInstanceBase.h">
      <Filter>Header Files\Devices</Filter>
    </ClInclude>
    <ClInclude Include="LibraryInfo\LibraryPaths.h">
      <Filter>Header Files</Filter>
    </ClInclude>
    <ClInclude Include="LogManager.h">
      <Filter>Header Files</Filter>
    </ClInclude>
    <ClInclude Include="DeviceManager.h">
      <Filter>Header Files</Filter>
    </ClInclude>
    <ClInclude Include="Logging\GenericEntryFilter.h">
      <Filter>Header Files\Logging</Filter>
    </ClInclude>
    <ClInclude Include="Logging\GenericLinePacket.h">
      <Filter>Header Files\Logging</Filter>
    </ClInclude>
    <ClInclude Include="Logging\GenericLogger.h">
      <Filter>Header Files\Logging</Filter>
    </ClInclude>
    <ClInclude Include="Logging\GenericLoggingCore.h">
      <Filter>Header Files\Logging</Filter>
    </ClInclude>
    <ClInclude Include="Logging\GenericMetadata.h">
      <Filter>Header Files\Logging</Filter>
    </ClInclude>
    <ClInclude Include="Logging\GenericPacketQueue.h">
      <Filter>Header Files\Logging</Filter>
    </ClInclude>
    <ClInclude Include="Logging\GenericSink.h">
      <Filter>Header Files\Logging</Filter>
    </ClInclude>
    <ClInclude Include="Logging\Logger.h">
      <Filter>Header Files\Logging</Filter>
    </ClInclude>
    <ClInclude Include="Logging\Logging.h">
      <Filter>Header Files\Logging</Filter>
    </ClInclude>
    <ClInclude Include="Logging\Metadata.h">
      <Filter>Header Files\Logging</Filter>
    </ClInclude>
    <ClInclude Include="Logging\MetadataFormatter.h">
      <Filter>Header Files\Logging</Filter>
    </ClInclude>
    <ClInclude Include="Logging\GenericStreamSink.h">
      <Filter>Header Files\Logging</Filter>
    </ClInclude>
    <ClInclude Include="Logging\GenericPacketArray.h">
      <Filter>Header Files\Logging</Filter>
    </ClInclude>
  </ItemGroup>
</Project>
