<?xml version="1.0" encoding="utf-8"?>
<Project ToolsVersion="4.0" xmlns="http://schemas.microsoft.com/developer/msbuild/2003">
  <ItemGroup>
    <Filter Include="Source Files">
      <UniqueIdentifier>{82761456-C366-11DF-96F2-601DDFD72085}</UniqueIdentifier>
      <Extensions>cpp;c;cxx;def;odl;idl;hpj;bat;asm;asmx</Extensions>
    </Filter>
    <Filter Include="Header Files">
      <UniqueIdentifier>{8E5A5F2A-C366-11DF-A0D2-651DDFD72085}</UniqueIdentifier>
      <Extensions>h;hpp;hxx;hm;inl;inc;xsd</Extensions>
    </Filter>
  </ItemGroup>
  <ItemGroup>
    <ClCompile Include="..\..\MMDevice\DeviceUtils.cpp">
      <Filter>Source Files</Filter>
    </ClCompile>
    <ClCompile Include="..\..\MMDevice\ModuleInterface.cpp">
      <Filter>Source Files</Filter>
    </ClCompile>
    <ClCompile Include="..\..\MMDevice\Property.cpp">
      <Filter>Source Files</Filter>
    </ClCompile>
    <ClCompile Include="XCite.cpp">
      <Filter>Source Files</Filter>
    </ClCompile>
    <ClCompile Include="XCite120PC.cpp">
      <Filter>Source Files</Filter>
    </ClCompile>
    <ClCompile Include="XCiteExacte.cpp">
      <Filter>Source Files</Filter>
    </ClCompile>
  </ItemGroup>
  <ItemGroup>
    <ClInclude Include="XCite120PC.h">
      <Filter>Header Files</Filter>
    </ClInclude>
    <ClInclude Include="XCiteExacte.h">
      <Filter>Header Files</Filter>
    </ClInclude>
  </ItemGroup>
</Project>