Microsoft Visual Studio Solution File, Format Version 10.00
# Visual C++ Express 2008
Project("{8BC9CEB8-8B4A-11D0-8D11-00A0C91BC942}") = "MMCore", "..\MMCore\MMCore.vcproj", "{36571628-728C-4ACD-A47F-503BA91C5D43}"
EndProject
Project("{8BC9CEB8-8B4A-11D0-8D11-00A0C91BC942}") = "MMCoreJ_wrap", "MMCoreJ_wrap.vcproj", "{EFA68887-8A97-49D7-BAB4-768E15A4E597}"
	ProjectSection(ProjectDependencies) = postProject
		{8FDA6D04-7C5D-4061-8467-AE0C104A2C83} = {8FDA6D04-7C5D-4061-8467-AE0C104A2C83}
		{E69C9F0E-2608-4EAD-9AB1-75E8DEF7E053} = {E69C9F0E-2608-4EAD-9AB1-75E8DEF7E053}
		{F80E3510-4425-4DEE-AAF9-F4682F467A82} = {F80E3510-4425-4DEE-AAF9-F4682F467A82}
		{31FE7D1C-8B0F-4E6C-9A50-F63596606764} = {31FE7D1C-8B0F-4E6C-9A50-F63596606764}
		{0E350120-8D1B-4E44-8B21-DADAEBC02217} = {0E350120-8D1B-4E44-8B21-DADAEBC02217}
		{8A82B822-DA7A-464B-AE6F-8EFB5EDA2C19} = {8A82B822-DA7A-464B-AE6F-8EFB5EDA2C19}
		{36571628-728C-4ACD-A47F-503BA91C5D43} = {36571628-728C-4ACD-A47F-503BA91C5D43}
		{5B9F9B2A-3E14-401E-8194-0E4442B0B0CB} = {5B9F9B2A-3E14-401E-8194-0E4442B0B0CB}
		{91CCB72B-852D-47D8-82FA-0E19A300A025} = {91CCB72B-852D-47D8-82FA-0E19A300A025}
		{DEE8AF34-2F99-4AA8-AFDA-848DE44F1DB2} = {DEE8AF34-2F99-4AA8-AFDA-848DE44F1DB2}
		{DEE8AF34-2F99-4AA8-AFDA-848DE44F1DB3} = {DEE8AF34-2F99-4AA8-AFDA-848DE44F1DB3}
		{59EBAD3C-A6C7-11DE-8344-1C9455D89593} = {59EBAD3C-A6C7-11DE-8344-1C9455D89593}
		{A7148F42-8EE8-48B4-BFC9-F61AB8A3800D} = {A7148F42-8EE8-48B4-BFC9-F61AB8A3800D}
		{3FCCE846-C82F-437A-A9B9-3CCEC02250EA} = {3FCCE846-C82F-437A-A9B9-3CCEC02250EA}
		{3FCCE846-C82F-437A-A9B9-6ABDA34403AE} = {3FCCE846-C82F-437A-A9B9-6ABDA34403AE}
		{AEA99C48-1A7A-4265-BAF6-28D734EE61E8} = {AEA99C48-1A7A-4265-BAF6-28D734EE61E8}
		{A28DEB4E-E645-4990-A91D-4A7FF6762239} = {A28DEB4E-E645-4990-A91D-4A7FF6762239}
		{19B83E51-446A-41DC-8899-ED2D59675933} = {19B83E51-446A-41DC-8899-ED2D59675933}
		{19B83E51-446A-41DC-8899-ED2D59679999} = {19B83E51-446A-41DC-8899-ED2D59679999}
		{AC358657-0C2B-41B6-97C1-1EFB8481D82A} = {AC358657-0C2B-41B6-97C1-1EFB8481D82A}
		{3645AD5B-44B8-4121-81FE-808067EFEA2A} = {3645AD5B-44B8-4121-81FE-808067EFEA2A}
		{399E0E5D-DF7F-4747-A448-5116E7534955} = {399E0E5D-DF7F-4747-A448-5116E7534955}
		{ED4BAD61-62D4-4407-9A40-E0DE686F5419} = {ED4BAD61-62D4-4407-9A40-E0DE686F5419}
		{E2900E6C-549B-46D2-AB40-8656280F7C53} = {E2900E6C-549B-46D2-AB40-8656280F7C53}
		{CFD4836D-3BA0-4CFE-B986-A4B34D23CDA6} = {CFD4836D-3BA0-4CFE-B986-A4B34D23CDA6}
		{6626896D-CA91-457B-9B78-242797B88FCF} = {6626896D-CA91-457B-9B78-242797B88FCF}
		{AD2E2778-836C-11DE-9828-78A156D89593} = {AD2E2778-836C-11DE-9828-78A156D89593}
		{E3DA287B-6861-49E2-8484-B08DBA020F7D} = {E3DA287B-6861-49E2-8484-B08DBA020F7D}
		{CF60E682-EF19-4FDD-8060-DE80188C827C} = {CF60E682-EF19-4FDD-8060-DE80188C827C}
		{E68C2689-7D9F-4B7B-9100-FAB4CF5B08FD} = {E68C2689-7D9F-4B7B-9100-FAB4CF5B08FD}
		{A9146B8A-A700-40BB-B018-4FAD6F8E79EC} = {A9146B8A-A700-40BB-B018-4FAD6F8E79EC}
		{2F7AA48D-2A51-436E-A6F2-6C36EDD1A1A1} = {2F7AA48D-2A51-436E-A6F2-6C36EDD1A1A1}
		{FB00F98E-4A2C-4888-A11F-29E5A1CA3E10} = {FB00F98E-4A2C-4888-A11F-29E5A1CA3E10}
		{DCAF2299-3620-40FB-9E55-62A860FD67F2} = {DCAF2299-3620-40FB-9E55-62A860FD67F2}
		{806A629B-7EAA-4265-A4C0-8A0EC03B104F} = {806A629B-7EAA-4265-A4C0-8A0EC03B104F}
		{0F47459C-3A45-4A07-AF18-FC7E5CD5A220} = {0F47459C-3A45-4A07-AF18-FC7E5CD5A220}
		{3A83E7A0-34A5-4304-8D88-148D933EACCD} = {3A83E7A0-34A5-4304-8D88-148D933EACCD}
		{5E687DA5-2842-4661-AAB4-FEE4D192EBB9} = {5E687DA5-2842-4661-AAB4-FEE4D192EBB9}
		{E0369FA6-1D4C-4FF7-AF9E-FC7B6FA07B1D} = {E0369FA6-1D4C-4FF7-AF9E-FC7B6FA07B1D}
		{2067D4A8-8C32-40D3-BA9F-6B388ECCD714} = {2067D4A8-8C32-40D3-BA9F-6B388ECCD714}
		{85D14FAC-12F1-42BF-8E32-DD2DD62A6AC9} = {85D14FAC-12F1-42BF-8E32-DD2DD62A6AC9}
		{028283B8-4E29-457E-9A78-AB6154A0F9D4} = {028283B8-4E29-457E-9A78-AB6154A0F9D4}
		{3BFC5BBD-6C7D-44A7-8361-F9D6E03C98AB} = {3BFC5BBD-6C7D-44A7-8361-F9D6E03C98AB}
		{A7A33BC0-0FEB-416F-8310-5C3ECF6BEAB6} = {A7A33BC0-0FEB-416F-8310-5C3ECF6BEAB6}
		{D29861C1-D0A2-44EB-BAD9-3808165609D8} = {D29861C1-D0A2-44EB-BAD9-3808165609D8}
		{5D1758C4-147E-4E06-9BF3-F4DDF23B5B97} = {5D1758C4-147E-4E06-9BF3-F4DDF23B5B97}
		{EB02D0C4-F80E-4C5A-9B8E-C5760E02F8BE} = {EB02D0C4-F80E-4C5A-9B8E-C5760E02F8BE}
		{43250DC7-A5AB-4795-9A54-7BF048465D00} = {43250DC7-A5AB-4795-9A54-7BF048465D00}
		{799C21D4-0B94-4F88-8F16-243134A07346} = {799C21D4-0B94-4F88-8F16-243134A07346}
		{1FCA5DD9-57F4-45A4-9141-8AE392E2AFE8} = {1FCA5DD9-57F4-45A4-9141-8AE392E2AFE8}
		{2EF7ACDC-F742-4CB6-B301-A242F52BE5C3} = {2EF7ACDC-F742-4CB6-B301-A242F52BE5C3}
		{B6FEC6DD-A94F-435C-B8BD-BEE8931F0E57} = {B6FEC6DD-A94F-435C-B8BD-BEE8931F0E57}
		{24FF0DE6-E201-46C1-ACFB-E4B6B4527C84} = {24FF0DE6-E201-46C1-ACFB-E4B6B4527C84}
		{391502E7-BAAF-42DF-9327-2114B73FF8DF} = {391502E7-BAAF-42DF-9327-2114B73FF8DF}
		{06A4A3EA-9461-4780-B6EA-81004B3F3D56} = {06A4A3EA-9461-4780-B6EA-81004B3F3D56}
		{A6FA70EC-5358-4837-A8E0-EB02B702F6A8} = {A6FA70EC-5358-4837-A8E0-EB02B702F6A8}
		{E62C86EF-C3BD-494E-B9EF-BD53BB01F839} = {E62C86EF-C3BD-494E-B9EF-BD53BB01F839}
	EndProjectSection
EndProject
Project("{8BC9CEB8-8B4A-11D0-8D11-00A0C91BC942}") = "DemoCamera", "..\DeviceAdapters\DemoCamera\DemoCamera.vcproj", "{806A629B-7EAA-4265-A4C0-8A0EC03B104F}"
EndProject
Project("{8BC9CEB8-8B4A-11D0-8D11-00A0C91BC942}") = "ParallelPort", "..\DeviceAdapters\ParallelPort\ParallelPort.vcproj", "{1FCA5DD9-57F4-45A4-9141-8AE392E2AFE8}"
EndProject
Project("{8BC9CEB8-8B4A-11D0-8D11-00A0C91BC942}") = "PVCAM", "..\DeviceAdapters\PVCAM\PVCAM.vcproj", "{A28DEB4E-E645-4990-A91D-4A7FF6762239}"
EndProject
Project("{8BC9CEB8-8B4A-11D0-8D11-00A0C91BC942}") = "SerialManager", "..\DeviceAdapters\SerialManager\SerialManager.vcproj", "{2EF7ACDC-F742-4CB6-B301-A242F52BE5C3}"
EndProject
Project("{8BC9CEB8-8B4A-11D0-8D11-00A0C91BC942}") = "SutterLambda", "..\DeviceAdapters\SutterLambda\SutterLambda.vcproj", "{3645AD5B-44B8-4121-81FE-808067EFEA2A}"
EndProject
Project("{8BC9CEB8-8B4A-11D0-8D11-00A0C91BC942}") = "Ludl", "..\DeviceAdapters\Ludl\Ludl.vcproj", "{8A82B822-DA7A-464B-AE6F-8EFB5EDA2C19}"
EndProject
Project("{8BC9CEB8-8B4A-11D0-8D11-00A0C91BC942}") = "Hamamatsu", "..\DeviceAdapters\Hamamatsu\Hamamatsu.vcproj", "{E0369FA6-1D4C-4FF7-AF9E-FC7B6FA07B1D}"
EndProject
Project("{8BC9CEB8-8B4A-11D0-8D11-00A0C91BC942}") = "Vincent", "..\DeviceAdapters\Vincent\Vincent.vcproj", "{19B83E51-446A-41DC-8899-ED2D59675933}"
EndProject
Project("{8BC9CEB8-8B4A-11D0-8D11-00A0C91BC942}") = "AOTF", "..\DeviceAdapters\AOTF\AOTF.vcproj", "{6626896D-CA91-457B-9B78-242797B88FCF}"
EndProject
Project("{8BC9CEB8-8B4A-11D0-8D11-00A0C91BC942}") = "Sensicam", "..\DeviceAdapters\Sensicam\Sensicam.vcproj", "{A7A33BC0-0FEB-416F-8310-5C3ECF6BEAB6}"
EndProject
Project("{8BC9CEB8-8B4A-11D0-8D11-00A0C91BC942}") = "NikonTE2000", "..\DeviceAdapters\NikonTE2000\NikonTE2000.vcproj", "{AC358657-0C2B-41B6-97C1-1EFB8481D82A}"
EndProject
Project("{8BC9CEB8-8B4A-11D0-8D11-00A0C91BC942}") = "Prior", "..\DeviceAdapters\Prior\Prior.vcproj", "{A7148F42-8EE8-48B4-BFC9-F61AB8A3800D}"
EndProject
Project("{8BC9CEB8-8B4A-11D0-8D11-00A0C91BC942}") = "DTOpenLayer", "..\DeviceAdapters\DTOpenLayer\DTOpenLayer.vcproj", "{D29861C1-D0A2-44EB-BAD9-3808165609D8}"
EndProject
Project("{8BC9CEB8-8B4A-11D0-8D11-00A0C91BC942}") = "Andor", "..\DeviceAdapters\Andor\Andor.vcproj", "{91CCB72B-852D-47D8-82FA-0E19A300A025}"
EndProject
Project("{8BC9CEB8-8B4A-11D0-8D11-00A0C91BC942}") = "Nikon", "..\DeviceAdapters\Nikon\Nikon.vcproj", "{85D14FAC-12F1-42BF-8E32-DD2DD62A6AC9}"
EndProject
Project("{8BC9CEB8-8B4A-11D0-8D11-00A0C91BC942}") = "ASIFW1000", "..\DeviceAdapters\ASIFW1000\ASIFW1000.vcproj", "{E69C9F0E-2608-4EAD-9AB1-75E8DEF7E053}"
EndProject
Project("{8BC9CEB8-8B4A-11D0-8D11-00A0C91BC942}") = "ASIStage", "..\DeviceAdapters\ASIStage\ASIStage.vcproj", "{5D1758C4-147E-4E06-9BF3-F4DDF23B5B97}"
EndProject
Project("{8BC9CEB8-8B4A-11D0-8D11-00A0C91BC942}") = "DemoStreamingCamera", "..\DeviceAdapters\DemoStreamingCamera\DemoStreamingCamera.vcproj", "{E62C86EF-C3BD-494E-B9EF-BD53BB01F839}"
EndProject
Project("{8BC9CEB8-8B4A-11D0-8D11-00A0C91BC942}") = "Yokogawa", "..\DeviceAdapters\Yokogawa\Yokogawa.vcproj", "{ED4BAD61-62D4-4407-9A40-E0DE686F5419}"
EndProject
Project("{8BC9CEB8-8B4A-11D0-8D11-00A0C91BC942}") = "ZeissCAN", "..\DeviceAdapters\ZeissCAN\ZeissCAN.vcproj", "{E2900E6C-549B-46D2-AB40-8656280F7C53}"
EndProject
Project("{8BC9CEB8-8B4A-11D0-8D11-00A0C91BC942}") = "USBManager", "..\DeviceAdapters\USBManager\USBManager.vcproj", "{2F7AA48D-2A51-436E-A6F2-6C36EDD1A1A1}"
EndProject
Project("{8BC9CEB8-8B4A-11D0-8D11-00A0C91BC942}") = "K8055", "..\DeviceAdapters\K8055\K8055.vcproj", "{5E687DA5-2842-4661-AAB4-FEE4D192EBB9}"
EndProject
Project("{8BC9CEB8-8B4A-11D0-8D11-00A0C91BC942}") = "SpectralLMM5", "..\DeviceAdapters\SpectralLMM5\SpectralLMM5.vcproj", "{AEA99C48-1A7A-4265-BAF6-28D734EE61E8}"
EndProject
Project("{8BC9CEB8-8B4A-11D0-8D11-00A0C91BC942}") = "Conix", "..\DeviceAdapters\Conix\Conix.vcproj", "{FB00F98E-4A2C-4888-A11F-29E5A1CA3E10}"
EndProject
Project("{8BC9CEB8-8B4A-11D0-8D11-00A0C91BC942}") = "K8061", "..\DeviceAdapters\K8061\K8061.vcproj", "{CF60E682-EF19-4FDD-8060-DE80188C827C}"
EndProject
Project("{8BC9CEB8-8B4A-11D0-8D11-00A0C91BC942}") = "PI_GCS", "..\DeviceAdapters\PI_GCS\PI_GCS.vcproj", "{3FCCE846-C82F-437A-A9B9-3CCEC02250EA}"
EndProject
Project("{8BC9CEB8-8B4A-11D0-8D11-00A0C91BC942}") = "PI", "..\DeviceAdapters\PI\PI.vcproj", "{3FCCE846-C82F-437A-A9B9-6ABDA34403AE}"
EndProject
Project("{8BC9CEB8-8B4A-11D0-8D11-00A0C91BC942}") = "CSUX", "..\DeviceAdapters\Yokogawa\CSUX\CSUX.vcproj", "{0E350120-8D1B-4E44-8B21-DADAEBC02217}"
EndProject
Project("{8BC9CEB8-8B4A-11D0-8D11-00A0C91BC942}") = "Pecon", "..\DeviceAdapters\Pecon\Pecon.vcproj", "{24FF0DE6-E201-46C1-ACFB-E4B6B4527C84}"
EndProject
Project("{8BC9CEB8-8B4A-11D0-8D11-00A0C91BC942}") = "NikonTI", "..\SecretDeviceAdapters\NikonTI\NikonTI.vcproj", "{A9146B8A-A700-40BB-B018-4FAD6F8E79EC}"
EndProject
Project("{8BC9CEB8-8B4A-11D0-8D11-00A0C91BC942}") = "NikonAZ100", "..\SecretDeviceAdapters\NikonAZ100\NikonAZ100.vcproj", "{B6FEC6DD-A94F-435C-B8BD-BEE8931F0E57}"
EndProject
Project("{8BC9CEB8-8B4A-11D0-8D11-00A0C91BC942}") = "Utilities", "..\DeviceAdapters\Utilities\Utilities.vcproj", "{E68C2689-7D9F-4B7B-9100-FAB4CF5B08FD}"
EndProject
Project("{8BC9CEB8-8B4A-11D0-8D11-00A0C91BC942}") = "Arduino", "..\DeviceAdapters\Arduino\Arduino.vcproj", "{2067D4A8-8C32-40D3-BA9F-6B388ECCD714}"
EndProject
Project("{8BC9CEB8-8B4A-11D0-8D11-00A0C91BC942}") = "DemoRGBCamera", "..\DeviceAdapters\DemoRGBCamera\DemoRGBCamera.vcproj", "{028283B8-4E29-457E-9A78-AB6154A0F9D4}"
EndProject
Project("{8BC9CEB8-8B4A-11D0-8D11-00A0C91BC942}") = "Olympus", "..\SecretDeviceAdapters\Olympus\Olympus.vcproj", "{3BFC5BBD-6C7D-44A7-8361-F9D6E03C98AB}"
EndProject
Project("{8BC9CEB8-8B4A-11D0-8D11-00A0C91BC942}") = "LeicaDMI", "..\DeviceAdapters\LeicaDMI\LeicaDMI.vcproj", "{31FE7D1C-8B0F-4E6C-9A50-F63596606764}"
EndProject
Project("{8BC9CEB8-8B4A-11D0-8D11-00A0C91BC942}") = "PrecisExcite", "..\DeviceAdapters\PrecisExcite\PrecisExcite.vcproj", "{DCAF2299-3620-40FB-9E55-62A860FD67F2}"
EndProject
Project("{8BC9CEB8-8B4A-11D0-8D11-00A0C91BC942}") = "ASIwptr", "..\DeviceAdapters\ASIWPTR\wptr.vcproj", "{399E0E5D-DF7F-4747-A448-5116E7534955}"
EndProject
Project("{8BC9CEB8-8B4A-11D0-8D11-00A0C91BC942}") = "ThorlabsFilterWheel", "..\DeviceAdapters\ThorlabsFilterWheel\ThorlabsFilterWheel.vcproj", "{DEE8AF34-2F99-4AA8-AFDA-848DE44F1DB2}"
EndProject
Project("{8BC9CEB8-8B4A-11D0-8D11-00A0C91BC942}") = "MCL_MicroDrive", "..\DeviceAdapters\MCL_MicroDrive\Microdrive_Device_Adapter.vcproj", "{A6FA70EC-5358-4837-A8E0-EB02B702F6A8}"
EndProject
Project("{8BC9CEB8-8B4A-11D0-8D11-00A0C91BC942}") = "MCL_NanoDrive", "..\DeviceAdapters\MCL_NanoDrive\NanoDrive_Device_Adapter.vcproj", "{06A4A3EA-9461-4780-B6EA-81004B3F3D56}"
EndProject
Project("{8BC9CEB8-8B4A-11D0-8D11-00A0C91BC942}") = "ABSCamera", "..\DeviceAdapters\ABS\ABS.vcproj", "{F80E3510-4425-4DEE-AAF9-F4682F467A82}"
EndProject
Project("{8BC9CEB8-8B4A-11D0-8D11-00A0C91BC942}") = "PCO-Generic", "..\DeviceAdapters\PCO_Generic\MicroManager.vcproj", "{391502E7-BAAF-42DF-9327-2114B73FF8DF}"
EndProject
Project("{8BC9CEB8-8B4A-11D0-8D11-00A0C91BC942}") = "PiperMmAdapter", "..\DeviceAdapters\Piper\PiperMmAdapter.vcproj", "{8FDA6D04-7C5D-4061-8467-AE0C104A2C83}"
EndProject
Project("{8BC9CEB8-8B4A-11D0-8D11-00A0C91BC942}") = "ThorlabsSC10", "..\DeviceAdapters\ThorlabsSC10\ThorlabsSC10.vcproj", "{DEE8AF34-2F99-4AA8-AFDA-848DE44F1DB3}"
EndProject
Project("{8BC9CEB8-8B4A-11D0-8D11-00A0C91BC942}") = "LeicaDMR", "..\DeviceAdapters\LeicaDMR\LeicaDMR.vcproj", "{EB02D0C4-F80E-4C5A-9B8E-C5760E02F8BE}"
EndProject
Project("{8BC9CEB8-8B4A-11D0-8D11-00A0C91BC942}") = "ZeissCAN29", "..\DeviceAdapters\ZeissCAN29\ZeissCAN29.vcproj", "{CFD4836D-3BA0-4CFE-B986-A4B34D23CDA6}"
EndProject
Project("{8BC9CEB8-8B4A-11D0-8D11-00A0C91BC942}") = "TwainCamera", "..\DeviceAdapters\TwainCamera\TwainCamera.vcproj", "{AD2E2778-836C-11DE-9828-78A156D89593}"
EndProject
Project("{8BC9CEB8-8B4A-11D0-8D11-00A0C91BC942}") = "CoherentCube", "..\DeviceAdapters\CoherentCube\CoherentCube.vcproj", "{3A83E7A0-34A5-4304-8D88-148D933EACCD}"
EndProject
Project("{8BC9CEB8-8B4A-11D0-8D11-00A0C91BC942}") = "SpotCamera", "..\DeviceAdapters\Spot\Spot.vcproj", "{59EBAD3C-A6C7-11DE-8344-1C9455D89593}"
EndProject
Project("{8BC9CEB8-8B4A-11D0-8D11-00A0C91BC942}") = "Neos", "..\DeviceAdapters\Neos\Neos.vcproj", "{19B83E51-446A-41DC-8899-ED2D59679999}"
EndProject
Project("{8BC9CEB8-8B4A-11D0-8D11-00A0C91BC942}") = "ScionCamera", "..\DeviceAdapters\ScionCam\ScionCamera.vcproj", "{799C21D4-0B94-4F88-8F16-243134A07346}"
EndProject
Project("{8BC9CEB8-8B4A-11D0-8D11-00A0C91BC942}") = "DLP4000", "..\SecretDeviceAdapters\DLP4000\DLP4000.vcproj", "{5B9F9B2A-3E14-401E-8194-0E4442B0B0CB}"
EndProject
Project("{8BC9CEB8-8B4A-11D0-8D11-00A0C91BC942}") = "Apogee", "..\DeviceAdapters\Apogee\Apogee.vcproj", "{0F47459C-3A45-4A07-AF18-FC7E5CD5A220}"
EndProject
Project("{8BC9CEB8-8B4A-11D0-8D11-00A0C91BC942}") = "QCam", "..\DeviceAdapters\QCam\QCam.vcproj", "{43250DC7-A5AB-4795-9A54-7BF048465D00}"
EndProject
Project("{8BC9CEB8-8B4A-11D0-8D11-00A0C91BC942}") = "GenericSLM", "..\DeviceAdapters\GenericSLM\GenericSLM.vcproj", "{E3DA287B-6861-49E2-8484-B08DBA020F7D}"
EndProject
Project("{8BC9CEB8-8B4A-11D0-8D11-00A0C91BC942}") = "AndorLaserCombiner", "..\DeviceAdapters\AndorLaserCombiner\AndorLaserCombiner.vcproj", "{489AF9AB-7A0E-43DE-8483-3E4B8CCCBFCD}"
EndProject
Project("{8BC9CEB8-8B4A-11D0-8D11-00A0C91BC942}") = "mmgrProgRes", "..\DeviceAdapters\Jenoptik\mmgrProgRes.vcproj", "{9D891399-2C51-4BDA-8F44-3A8A506657BA}"
EndProject
Project("{8BC9CEB8-8B4A-11D0-8D11-00A0C91BC942}") = "BaumerOptronic", "..\SecretDeviceAdapters\BaumerOptronic\BaumerOptronic.vcproj", "{B06A629B-7EAA-4265-A4C0-8A0EC03B00B0}"
EndProject
Project("{8BC9CEB8-8B4A-11D0-8D11-00A0C91BC942}") = "Marzhauser", "..\DeviceAdapters\Marzhauser\Marzhauser.vcproj", "{2B522528-9660-4B78-8E2A-BC296C9B9937}"
EndProject
Project("{8BC9CEB8-8B4A-11D0-8D11-00A0C91BC942}") = "Corvus", "..\DeviceAdapters\Corvus\Corvus.vcproj", "{2B522528-9660-4B78-8E2A-BC296C9BC0C0}"
EndProject
Global
	GlobalSection(SolutionConfigurationPlatforms) = preSolution
		Debug|Win32 = Debug|Win32
		Release|Win32 = Release|Win32
	EndGlobalSection
	GlobalSection(ProjectConfigurationPlatforms) = postSolution
		{36571628-728C-4ACD-A47F-503BA91C5D43}.Debug|Win32.ActiveCfg = Debug|Win32
		{36571628-728C-4ACD-A47F-503BA91C5D43}.Debug|Win32.Build.0 = Debug|Win32
		{36571628-728C-4ACD-A47F-503BA91C5D43}.Release|Win32.ActiveCfg = Release|Win32
		{36571628-728C-4ACD-A47F-503BA91C5D43}.Release|Win32.Build.0 = Release|Win32
		{EFA68887-8A97-49D7-BAB4-768E15A4E597}.Debug|Win32.ActiveCfg = Debug|Win32
		{EFA68887-8A97-49D7-BAB4-768E15A4E597}.Debug|Win32.Build.0 = Debug|Win32
		{EFA68887-8A97-49D7-BAB4-768E15A4E597}.Release|Win32.ActiveCfg = Release|Win32
		{EFA68887-8A97-49D7-BAB4-768E15A4E597}.Release|Win32.Build.0 = Release|Win32
		{806A629B-7EAA-4265-A4C0-8A0EC03B104F}.Debug|Win32.ActiveCfg = Debug|Win32
		{806A629B-7EAA-4265-A4C0-8A0EC03B104F}.Debug|Win32.Build.0 = Debug|Win32
		{806A629B-7EAA-4265-A4C0-8A0EC03B104F}.Release|Win32.ActiveCfg = Release|Win32
		{806A629B-7EAA-4265-A4C0-8A0EC03B104F}.Release|Win32.Build.0 = Release|Win32
		{1FCA5DD9-57F4-45A4-9141-8AE392E2AFE8}.Debug|Win32.ActiveCfg = Debug|Win32
		{1FCA5DD9-57F4-45A4-9141-8AE392E2AFE8}.Debug|Win32.Build.0 = Debug|Win32
		{1FCA5DD9-57F4-45A4-9141-8AE392E2AFE8}.Release|Win32.ActiveCfg = Release|Win32
		{1FCA5DD9-57F4-45A4-9141-8AE392E2AFE8}.Release|Win32.Build.0 = Release|Win32
		{A28DEB4E-E645-4990-A91D-4A7FF6762239}.Debug|Win32.ActiveCfg = Debug|Win32
		{A28DEB4E-E645-4990-A91D-4A7FF6762239}.Debug|Win32.Build.0 = Debug|Win32
		{A28DEB4E-E645-4990-A91D-4A7FF6762239}.Release|Win32.ActiveCfg = Release|Win32
		{A28DEB4E-E645-4990-A91D-4A7FF6762239}.Release|Win32.Build.0 = Release|Win32
		{2EF7ACDC-F742-4CB6-B301-A242F52BE5C3}.Debug|Win32.ActiveCfg = Debug|Win32
		{2EF7ACDC-F742-4CB6-B301-A242F52BE5C3}.Debug|Win32.Build.0 = Debug|Win32
		{2EF7ACDC-F742-4CB6-B301-A242F52BE5C3}.Release|Win32.ActiveCfg = Release|Win32
		{2EF7ACDC-F742-4CB6-B301-A242F52BE5C3}.Release|Win32.Build.0 = Release|Win32
		{3645AD5B-44B8-4121-81FE-808067EFEA2A}.Debug|Win32.ActiveCfg = Debug|Win32
		{3645AD5B-44B8-4121-81FE-808067EFEA2A}.Debug|Win32.Build.0 = Debug|Win32
		{3645AD5B-44B8-4121-81FE-808067EFEA2A}.Release|Win32.ActiveCfg = Release|Win32
		{3645AD5B-44B8-4121-81FE-808067EFEA2A}.Release|Win32.Build.0 = Release|Win32
		{8A82B822-DA7A-464B-AE6F-8EFB5EDA2C19}.Debug|Win32.ActiveCfg = Debug|Win32
		{8A82B822-DA7A-464B-AE6F-8EFB5EDA2C19}.Debug|Win32.Build.0 = Debug|Win32
		{8A82B822-DA7A-464B-AE6F-8EFB5EDA2C19}.Release|Win32.ActiveCfg = Release|Win32
		{8A82B822-DA7A-464B-AE6F-8EFB5EDA2C19}.Release|Win32.Build.0 = Release|Win32
		{E0369FA6-1D4C-4FF7-AF9E-FC7B6FA07B1D}.Debug|Win32.ActiveCfg = Debug|Win32
		{E0369FA6-1D4C-4FF7-AF9E-FC7B6FA07B1D}.Debug|Win32.Build.0 = Debug|Win32
		{E0369FA6-1D4C-4FF7-AF9E-FC7B6FA07B1D}.Release|Win32.ActiveCfg = Release|Win32
		{E0369FA6-1D4C-4FF7-AF9E-FC7B6FA07B1D}.Release|Win32.Build.0 = Release|Win32
		{19B83E51-446A-41DC-8899-ED2D59675933}.Debug|Win32.ActiveCfg = Debug|Win32
		{19B83E51-446A-41DC-8899-ED2D59675933}.Debug|Win32.Build.0 = Debug|Win32
		{19B83E51-446A-41DC-8899-ED2D59675933}.Release|Win32.ActiveCfg = Release|Win32
		{19B83E51-446A-41DC-8899-ED2D59675933}.Release|Win32.Build.0 = Release|Win32
		{6626896D-CA91-457B-9B78-242797B88FCF}.Debug|Win32.ActiveCfg = Debug|Win32
		{6626896D-CA91-457B-9B78-242797B88FCF}.Debug|Win32.Build.0 = Debug|Win32
		{6626896D-CA91-457B-9B78-242797B88FCF}.Release|Win32.ActiveCfg = Release|Win32
		{6626896D-CA91-457B-9B78-242797B88FCF}.Release|Win32.Build.0 = Release|Win32
		{A7A33BC0-0FEB-416F-8310-5C3ECF6BEAB6}.Debug|Win32.ActiveCfg = Debug|Win32
		{A7A33BC0-0FEB-416F-8310-5C3ECF6BEAB6}.Debug|Win32.Build.0 = Debug|Win32
		{A7A33BC0-0FEB-416F-8310-5C3ECF6BEAB6}.Release|Win32.ActiveCfg = Release|Win32
		{A7A33BC0-0FEB-416F-8310-5C3ECF6BEAB6}.Release|Win32.Build.0 = Release|Win32
		{AC358657-0C2B-41B6-97C1-1EFB8481D82A}.Debug|Win32.ActiveCfg = Debug|Win32
		{AC358657-0C2B-41B6-97C1-1EFB8481D82A}.Debug|Win32.Build.0 = Debug|Win32
		{AC358657-0C2B-41B6-97C1-1EFB8481D82A}.Release|Win32.ActiveCfg = Release|Win32
		{AC358657-0C2B-41B6-97C1-1EFB8481D82A}.Release|Win32.Build.0 = Release|Win32
		{A7148F42-8EE8-48B4-BFC9-F61AB8A3800D}.Debug|Win32.ActiveCfg = Debug|Win32
		{A7148F42-8EE8-48B4-BFC9-F61AB8A3800D}.Debug|Win32.Build.0 = Debug|Win32
		{A7148F42-8EE8-48B4-BFC9-F61AB8A3800D}.Release|Win32.ActiveCfg = Release|Win32
		{A7148F42-8EE8-48B4-BFC9-F61AB8A3800D}.Release|Win32.Build.0 = Release|Win32
		{D29861C1-D0A2-44EB-BAD9-3808165609D8}.Debug|Win32.ActiveCfg = Debug|Win32
		{D29861C1-D0A2-44EB-BAD9-3808165609D8}.Debug|Win32.Build.0 = Debug|Win32
		{D29861C1-D0A2-44EB-BAD9-3808165609D8}.Release|Win32.ActiveCfg = Release|Win32
		{D29861C1-D0A2-44EB-BAD9-3808165609D8}.Release|Win32.Build.0 = Release|Win32
		{91CCB72B-852D-47D8-82FA-0E19A300A025}.Debug|Win32.ActiveCfg = Debug|Win32
		{91CCB72B-852D-47D8-82FA-0E19A300A025}.Debug|Win32.Build.0 = Debug|Win32
		{91CCB72B-852D-47D8-82FA-0E19A300A025}.Release|Win32.ActiveCfg = Release|Win32
		{91CCB72B-852D-47D8-82FA-0E19A300A025}.Release|Win32.Build.0 = Release|Win32
		{85D14FAC-12F1-42BF-8E32-DD2DD62A6AC9}.Debug|Win32.ActiveCfg = Debug|Win32
		{85D14FAC-12F1-42BF-8E32-DD2DD62A6AC9}.Debug|Win32.Build.0 = Debug|Win32
		{85D14FAC-12F1-42BF-8E32-DD2DD62A6AC9}.Release|Win32.ActiveCfg = Release|Win32
		{85D14FAC-12F1-42BF-8E32-DD2DD62A6AC9}.Release|Win32.Build.0 = Release|Win32
		{E69C9F0E-2608-4EAD-9AB1-75E8DEF7E053}.Debug|Win32.ActiveCfg = Debug|Win32
		{E69C9F0E-2608-4EAD-9AB1-75E8DEF7E053}.Debug|Win32.Build.0 = Debug|Win32
		{E69C9F0E-2608-4EAD-9AB1-75E8DEF7E053}.Release|Win32.ActiveCfg = Release|Win32
		{E69C9F0E-2608-4EAD-9AB1-75E8DEF7E053}.Release|Win32.Build.0 = Release|Win32
		{5D1758C4-147E-4E06-9BF3-F4DDF23B5B97}.Debug|Win32.ActiveCfg = Debug|Win32
		{5D1758C4-147E-4E06-9BF3-F4DDF23B5B97}.Debug|Win32.Build.0 = Debug|Win32
		{5D1758C4-147E-4E06-9BF3-F4DDF23B5B97}.Release|Win32.ActiveCfg = Release|Win32
		{5D1758C4-147E-4E06-9BF3-F4DDF23B5B97}.Release|Win32.Build.0 = Release|Win32
		{E62C86EF-C3BD-494E-B9EF-BD53BB01F839}.Debug|Win32.ActiveCfg = Debug|Win32
		{E62C86EF-C3BD-494E-B9EF-BD53BB01F839}.Debug|Win32.Build.0 = Debug|Win32
		{E62C86EF-C3BD-494E-B9EF-BD53BB01F839}.Release|Win32.ActiveCfg = Release|Win32
		{E62C86EF-C3BD-494E-B9EF-BD53BB01F839}.Release|Win32.Build.0 = Release|Win32
		{ED4BAD61-62D4-4407-9A40-E0DE686F5419}.Debug|Win32.ActiveCfg = Debug|Win32
		{ED4BAD61-62D4-4407-9A40-E0DE686F5419}.Debug|Win32.Build.0 = Debug|Win32
		{ED4BAD61-62D4-4407-9A40-E0DE686F5419}.Release|Win32.ActiveCfg = Release|Win32
		{ED4BAD61-62D4-4407-9A40-E0DE686F5419}.Release|Win32.Build.0 = Release|Win32
		{E2900E6C-549B-46D2-AB40-8656280F7C53}.Debug|Win32.ActiveCfg = Debug|Win32
		{E2900E6C-549B-46D2-AB40-8656280F7C53}.Debug|Win32.Build.0 = Debug|Win32
		{E2900E6C-549B-46D2-AB40-8656280F7C53}.Release|Win32.ActiveCfg = Release|Win32
		{E2900E6C-549B-46D2-AB40-8656280F7C53}.Release|Win32.Build.0 = Release|Win32
		{2F7AA48D-2A51-436E-A6F2-6C36EDD1A1A1}.Debug|Win32.ActiveCfg = Debug|Win32
		{2F7AA48D-2A51-436E-A6F2-6C36EDD1A1A1}.Debug|Win32.Build.0 = Debug|Win32
		{2F7AA48D-2A51-436E-A6F2-6C36EDD1A1A1}.Release|Win32.ActiveCfg = Release|Win32
		{2F7AA48D-2A51-436E-A6F2-6C36EDD1A1A1}.Release|Win32.Build.0 = Release|Win32
		{5E687DA5-2842-4661-AAB4-FEE4D192EBB9}.Debug|Win32.ActiveCfg = Debug|Win32
		{5E687DA5-2842-4661-AAB4-FEE4D192EBB9}.Debug|Win32.Build.0 = Debug|Win32
		{5E687DA5-2842-4661-AAB4-FEE4D192EBB9}.Release|Win32.ActiveCfg = Release|Win32
		{5E687DA5-2842-4661-AAB4-FEE4D192EBB9}.Release|Win32.Build.0 = Release|Win32
		{AEA99C48-1A7A-4265-BAF6-28D734EE61E8}.Debug|Win32.ActiveCfg = Debug|Win32
		{AEA99C48-1A7A-4265-BAF6-28D734EE61E8}.Debug|Win32.Build.0 = Debug|Win32
		{AEA99C48-1A7A-4265-BAF6-28D734EE61E8}.Release|Win32.ActiveCfg = Release|Win32
		{AEA99C48-1A7A-4265-BAF6-28D734EE61E8}.Release|Win32.Build.0 = Release|Win32
		{FB00F98E-4A2C-4888-A11F-29E5A1CA3E10}.Debug|Win32.ActiveCfg = Debug|Win32
		{FB00F98E-4A2C-4888-A11F-29E5A1CA3E10}.Debug|Win32.Build.0 = Debug|Win32
		{FB00F98E-4A2C-4888-A11F-29E5A1CA3E10}.Release|Win32.ActiveCfg = Release|Win32
		{FB00F98E-4A2C-4888-A11F-29E5A1CA3E10}.Release|Win32.Build.0 = Release|Win32
		{CF60E682-EF19-4FDD-8060-DE80188C827C}.Debug|Win32.ActiveCfg = Debug|Win32
		{CF60E682-EF19-4FDD-8060-DE80188C827C}.Debug|Win32.Build.0 = Debug|Win32
		{CF60E682-EF19-4FDD-8060-DE80188C827C}.Release|Win32.ActiveCfg = Release|Win32
		{CF60E682-EF19-4FDD-8060-DE80188C827C}.Release|Win32.Build.0 = Release|Win32
		{3FCCE846-C82F-437A-A9B9-3CCEC02250EA}.Debug|Win32.ActiveCfg = Debug|Win32
		{3FCCE846-C82F-437A-A9B9-3CCEC02250EA}.Debug|Win32.Build.0 = Debug|Win32
		{3FCCE846-C82F-437A-A9B9-3CCEC02250EA}.Release|Win32.ActiveCfg = Release|Win32
		{3FCCE846-C82F-437A-A9B9-3CCEC02250EA}.Release|Win32.Build.0 = Release|Win32
		{3FCCE846-C82F-437A-A9B9-6ABDA34403AE}.Debug|Win32.ActiveCfg = Debug|Win32
		{3FCCE846-C82F-437A-A9B9-6ABDA34403AE}.Debug|Win32.Build.0 = Debug|Win32
		{3FCCE846-C82F-437A-A9B9-6ABDA34403AE}.Release|Win32.ActiveCfg = Release|Win32
		{3FCCE846-C82F-437A-A9B9-6ABDA34403AE}.Release|Win32.Build.0 = Release|Win32
		{0E350120-8D1B-4E44-8B21-DADAEBC02217}.Debug|Win32.ActiveCfg = Debug|Win32
		{0E350120-8D1B-4E44-8B21-DADAEBC02217}.Debug|Win32.Build.0 = Debug|Win32
		{0E350120-8D1B-4E44-8B21-DADAEBC02217}.Release|Win32.ActiveCfg = Release|Win32
		{0E350120-8D1B-4E44-8B21-DADAEBC02217}.Release|Win32.Build.0 = Release|Win32
		{24FF0DE6-E201-46C1-ACFB-E4B6B4527C84}.Debug|Win32.ActiveCfg = Debug|Win32
		{24FF0DE6-E201-46C1-ACFB-E4B6B4527C84}.Debug|Win32.Build.0 = Debug|Win32
		{24FF0DE6-E201-46C1-ACFB-E4B6B4527C84}.Release|Win32.ActiveCfg = Release|Win32
		{24FF0DE6-E201-46C1-ACFB-E4B6B4527C84}.Release|Win32.Build.0 = Release|Win32
		{A9146B8A-A700-40BB-B018-4FAD6F8E79EC}.Debug|Win32.ActiveCfg = Debug|Win32
		{A9146B8A-A700-40BB-B018-4FAD6F8E79EC}.Debug|Win32.Build.0 = Debug|Win32
		{A9146B8A-A700-40BB-B018-4FAD6F8E79EC}.Release|Win32.ActiveCfg = Release|Win32
		{A9146B8A-A700-40BB-B018-4FAD6F8E79EC}.Release|Win32.Build.0 = Release|Win32
		{B6FEC6DD-A94F-435C-B8BD-BEE8931F0E57}.Debug|Win32.ActiveCfg = Debug|Win32
		{B6FEC6DD-A94F-435C-B8BD-BEE8931F0E57}.Debug|Win32.Build.0 = Debug|Win32
		{B6FEC6DD-A94F-435C-B8BD-BEE8931F0E57}.Release|Win32.ActiveCfg = Release|Win32
		{B6FEC6DD-A94F-435C-B8BD-BEE8931F0E57}.Release|Win32.Build.0 = Release|Win32
		{E68C2689-7D9F-4B7B-9100-FAB4CF5B08FD}.Debug|Win32.ActiveCfg = Debug|Win32
		{E68C2689-7D9F-4B7B-9100-FAB4CF5B08FD}.Debug|Win32.Build.0 = Debug|Win32
		{E68C2689-7D9F-4B7B-9100-FAB4CF5B08FD}.Release|Win32.ActiveCfg = Release|Win32
		{E68C2689-7D9F-4B7B-9100-FAB4CF5B08FD}.Release|Win32.Build.0 = Release|Win32
		{2067D4A8-8C32-40D3-BA9F-6B388ECCD714}.Debug|Win32.ActiveCfg = Debug|Win32
		{2067D4A8-8C32-40D3-BA9F-6B388ECCD714}.Debug|Win32.Build.0 = Debug|Win32
		{2067D4A8-8C32-40D3-BA9F-6B388ECCD714}.Release|Win32.ActiveCfg = Release|Win32
		{2067D4A8-8C32-40D3-BA9F-6B388ECCD714}.Release|Win32.Build.0 = Release|Win32
		{028283B8-4E29-457E-9A78-AB6154A0F9D4}.Debug|Win32.ActiveCfg = Debug|Win32
		{028283B8-4E29-457E-9A78-AB6154A0F9D4}.Debug|Win32.Build.0 = Debug|Win32
		{028283B8-4E29-457E-9A78-AB6154A0F9D4}.Release|Win32.ActiveCfg = Release|Win32
		{028283B8-4E29-457E-9A78-AB6154A0F9D4}.Release|Win32.Build.0 = Release|Win32
		{3BFC5BBD-6C7D-44A7-8361-F9D6E03C98AB}.Debug|Win32.ActiveCfg = Debug|Win32
		{3BFC5BBD-6C7D-44A7-8361-F9D6E03C98AB}.Debug|Win32.Build.0 = Debug|Win32
		{3BFC5BBD-6C7D-44A7-8361-F9D6E03C98AB}.Release|Win32.ActiveCfg = Release|Win32
		{3BFC5BBD-6C7D-44A7-8361-F9D6E03C98AB}.Release|Win32.Build.0 = Release|Win32
		{31FE7D1C-8B0F-4E6C-9A50-F63596606764}.Debug|Win32.ActiveCfg = Debug|Win32
		{31FE7D1C-8B0F-4E6C-9A50-F63596606764}.Debug|Win32.Build.0 = Debug|Win32
		{31FE7D1C-8B0F-4E6C-9A50-F63596606764}.Release|Win32.ActiveCfg = Release|Win32
		{31FE7D1C-8B0F-4E6C-9A50-F63596606764}.Release|Win32.Build.0 = Release|Win32
		{DCAF2299-3620-40FB-9E55-62A860FD67F2}.Debug|Win32.ActiveCfg = Debug|Win32
		{DCAF2299-3620-40FB-9E55-62A860FD67F2}.Debug|Win32.Build.0 = Debug|Win32
		{DCAF2299-3620-40FB-9E55-62A860FD67F2}.Release|Win32.ActiveCfg = Release|Win32
		{DCAF2299-3620-40FB-9E55-62A860FD67F2}.Release|Win32.Build.0 = Release|Win32
		{399E0E5D-DF7F-4747-A448-5116E7534955}.Debug|Win32.ActiveCfg = Debug|Win32
		{399E0E5D-DF7F-4747-A448-5116E7534955}.Debug|Win32.Build.0 = Debug|Win32
		{399E0E5D-DF7F-4747-A448-5116E7534955}.Release|Win32.ActiveCfg = Release|Win32
		{399E0E5D-DF7F-4747-A448-5116E7534955}.Release|Win32.Build.0 = Release|Win32
		{DEE8AF34-2F99-4AA8-AFDA-848DE44F1DB2}.Debug|Win32.ActiveCfg = Debug|Win32
		{DEE8AF34-2F99-4AA8-AFDA-848DE44F1DB2}.Debug|Win32.Build.0 = Debug|Win32
		{DEE8AF34-2F99-4AA8-AFDA-848DE44F1DB2}.Release|Win32.ActiveCfg = Release|Win32
		{DEE8AF34-2F99-4AA8-AFDA-848DE44F1DB2}.Release|Win32.Build.0 = Release|Win32
		{A6FA70EC-5358-4837-A8E0-EB02B702F6A8}.Debug|Win32.ActiveCfg = Debug|Win32
		{A6FA70EC-5358-4837-A8E0-EB02B702F6A8}.Debug|Win32.Build.0 = Debug|Win32
		{A6FA70EC-5358-4837-A8E0-EB02B702F6A8}.Release|Win32.ActiveCfg = Release|Win32
		{A6FA70EC-5358-4837-A8E0-EB02B702F6A8}.Release|Win32.Build.0 = Release|Win32
		{06A4A3EA-9461-4780-B6EA-81004B3F3D56}.Debug|Win32.ActiveCfg = Debug|Win32
		{06A4A3EA-9461-4780-B6EA-81004B3F3D56}.Debug|Win32.Build.0 = Debug|Win32
		{06A4A3EA-9461-4780-B6EA-81004B3F3D56}.Release|Win32.ActiveCfg = Release|Win32
		{06A4A3EA-9461-4780-B6EA-81004B3F3D56}.Release|Win32.Build.0 = Release|Win32
		{F80E3510-4425-4DEE-AAF9-F4682F467A82}.Debug|Win32.ActiveCfg = Debug|Win32
		{F80E3510-4425-4DEE-AAF9-F4682F467A82}.Debug|Win32.Build.0 = Debug|Win32
		{F80E3510-4425-4DEE-AAF9-F4682F467A82}.Release|Win32.ActiveCfg = Release|Win32
		{F80E3510-4425-4DEE-AAF9-F4682F467A82}.Release|Win32.Build.0 = Release|Win32
		{391502E7-BAAF-42DF-9327-2114B73FF8DF}.Debug|Win32.ActiveCfg = Debug|Win32
		{391502E7-BAAF-42DF-9327-2114B73FF8DF}.Debug|Win32.Build.0 = Debug|Win32
		{391502E7-BAAF-42DF-9327-2114B73FF8DF}.Release|Win32.ActiveCfg = Release|Win32
		{391502E7-BAAF-42DF-9327-2114B73FF8DF}.Release|Win32.Build.0 = Release|Win32
		{8FDA6D04-7C5D-4061-8467-AE0C104A2C83}.Debug|Win32.ActiveCfg = Debug|Win32
		{8FDA6D04-7C5D-4061-8467-AE0C104A2C83}.Debug|Win32.Build.0 = Debug|Win32
		{8FDA6D04-7C5D-4061-8467-AE0C104A2C83}.Release|Win32.ActiveCfg = Release|Win32
		{8FDA6D04-7C5D-4061-8467-AE0C104A2C83}.Release|Win32.Build.0 = Release|Win32
		{DEE8AF34-2F99-4AA8-AFDA-848DE44F1DB3}.Debug|Win32.ActiveCfg = Debug|Win32
		{DEE8AF34-2F99-4AA8-AFDA-848DE44F1DB3}.Debug|Win32.Build.0 = Debug|Win32
		{DEE8AF34-2F99-4AA8-AFDA-848DE44F1DB3}.Release|Win32.ActiveCfg = Release|Win32
		{DEE8AF34-2F99-4AA8-AFDA-848DE44F1DB3}.Release|Win32.Build.0 = Release|Win32
		{EB02D0C4-F80E-4C5A-9B8E-C5760E02F8BE}.Debug|Win32.ActiveCfg = Debug|Win32
		{EB02D0C4-F80E-4C5A-9B8E-C5760E02F8BE}.Debug|Win32.Build.0 = Debug|Win32
		{EB02D0C4-F80E-4C5A-9B8E-C5760E02F8BE}.Release|Win32.ActiveCfg = Release|Win32
		{EB02D0C4-F80E-4C5A-9B8E-C5760E02F8BE}.Release|Win32.Build.0 = Release|Win32
		{CFD4836D-3BA0-4CFE-B986-A4B34D23CDA6}.Debug|Win32.ActiveCfg = Debug|Win32
		{CFD4836D-3BA0-4CFE-B986-A4B34D23CDA6}.Debug|Win32.Build.0 = Debug|Win32
		{CFD4836D-3BA0-4CFE-B986-A4B34D23CDA6}.Release|Win32.ActiveCfg = Release|Win32
		{CFD4836D-3BA0-4CFE-B986-A4B34D23CDA6}.Release|Win32.Build.0 = Release|Win32
		{AD2E2778-836C-11DE-9828-78A156D89593}.Debug|Win32.ActiveCfg = Debug|Win32
		{AD2E2778-836C-11DE-9828-78A156D89593}.Debug|Win32.Build.0 = Debug|Win32
		{AD2E2778-836C-11DE-9828-78A156D89593}.Release|Win32.ActiveCfg = Release|Win32
		{AD2E2778-836C-11DE-9828-78A156D89593}.Release|Win32.Build.0 = Release|Win32
		{3A83E7A0-34A5-4304-8D88-148D933EACCD}.Debug|Win32.ActiveCfg = Debug|Win32
		{3A83E7A0-34A5-4304-8D88-148D933EACCD}.Debug|Win32.Build.0 = Debug|Win32
		{3A83E7A0-34A5-4304-8D88-148D933EACCD}.Release|Win32.ActiveCfg = Release|Win32
		{3A83E7A0-34A5-4304-8D88-148D933EACCD}.Release|Win32.Build.0 = Release|Win32
		{59EBAD3C-A6C7-11DE-8344-1C9455D89593}.Debug|Win32.ActiveCfg = Debug|Win32
		{59EBAD3C-A6C7-11DE-8344-1C9455D89593}.Debug|Win32.Build.0 = Debug|Win32
		{59EBAD3C-A6C7-11DE-8344-1C9455D89593}.Release|Win32.ActiveCfg = Release|Win32
		{59EBAD3C-A6C7-11DE-8344-1C9455D89593}.Release|Win32.Build.0 = Release|Win32
		{19B83E51-446A-41DC-8899-ED2D59679999}.Debug|Win32.ActiveCfg = Debug|Win32
		{19B83E51-446A-41DC-8899-ED2D59679999}.Debug|Win32.Build.0 = Debug|Win32
		{19B83E51-446A-41DC-8899-ED2D59679999}.Release|Win32.ActiveCfg = Release|Win32
		{19B83E51-446A-41DC-8899-ED2D59679999}.Release|Win32.Build.0 = Release|Win32
		{799C21D4-0B94-4F88-8F16-243134A07346}.Debug|Win32.ActiveCfg = Debug|Win32
		{799C21D4-0B94-4F88-8F16-243134A07346}.Debug|Win32.Build.0 = Debug|Win32
		{799C21D4-0B94-4F88-8F16-243134A07346}.Release|Win32.ActiveCfg = Release|Win32
		{799C21D4-0B94-4F88-8F16-243134A07346}.Release|Win32.Build.0 = Release|Win32
		{5B9F9B2A-3E14-401E-8194-0E4442B0B0CB}.Debug|Win32.ActiveCfg = Debug|Win32
		{5B9F9B2A-3E14-401E-8194-0E4442B0B0CB}.Debug|Win32.Build.0 = Debug|Win32
		{5B9F9B2A-3E14-401E-8194-0E4442B0B0CB}.Release|Win32.ActiveCfg = Release|Win32
		{5B9F9B2A-3E14-401E-8194-0E4442B0B0CB}.Release|Win32.Build.0 = Release|Win32
		{0F47459C-3A45-4A07-AF18-FC7E5CD5A220}.Debug|Win32.ActiveCfg = Debug|Win32
		{0F47459C-3A45-4A07-AF18-FC7E5CD5A220}.Debug|Win32.Build.0 = Debug|Win32
		{0F47459C-3A45-4A07-AF18-FC7E5CD5A220}.Release|Win32.ActiveCfg = Release|Win32
		{0F47459C-3A45-4A07-AF18-FC7E5CD5A220}.Release|Win32.Build.0 = Release|Win32
		{43250DC7-A5AB-4795-9A54-7BF048465D00}.Debug|Win32.ActiveCfg = Debug|Win32
		{43250DC7-A5AB-4795-9A54-7BF048465D00}.Debug|Win32.Build.0 = Debug|Win32
		{43250DC7-A5AB-4795-9A54-7BF048465D00}.Release|Win32.ActiveCfg = Release|Win32
		{43250DC7-A5AB-4795-9A54-7BF048465D00}.Release|Win32.Build.0 = Release|Win32
		{E3DA287B-6861-49E2-8484-B08DBA020F7D}.Debug|Win32.ActiveCfg = Debug|Win32
		{E3DA287B-6861-49E2-8484-B08DBA020F7D}.Debug|Win32.Build.0 = Debug|Win32
		{E3DA287B-6861-49E2-8484-B08DBA020F7D}.Release|Win32.ActiveCfg = Release|Win32
		{E3DA287B-6861-49E2-8484-B08DBA020F7D}.Release|Win32.Build.0 = Release|Win32
		{489AF9AB-7A0E-43DE-8483-3E4B8CCCBFCD}.Debug|Win32.ActiveCfg = Debug|Win32
		{489AF9AB-7A0E-43DE-8483-3E4B8CCCBFCD}.Debug|Win32.Build.0 = Debug|Win32
		{489AF9AB-7A0E-43DE-8483-3E4B8CCCBFCD}.Release|Win32.ActiveCfg = Release|Win32
		{489AF9AB-7A0E-43DE-8483-3E4B8CCCBFCD}.Release|Win32.Build.0 = Release|Win32
		{9D891399-2C51-4BDA-8F44-3A8A506657BA}.Debug|Win32.ActiveCfg = Debug|Win32
		{9D891399-2C51-4BDA-8F44-3A8A506657BA}.Debug|Win32.Build.0 = Debug|Win32
		{9D891399-2C51-4BDA-8F44-3A8A506657BA}.Release|Win32.ActiveCfg = Release|Win32
		{9D891399-2C51-4BDA-8F44-3A8A506657BA}.Release|Win32.Build.0 = Release|Win32
		{B06A629B-7EAA-4265-A4C0-8A0EC03B00B0}.Debug|Win32.ActiveCfg = Debug|Win32
		{B06A629B-7EAA-4265-A4C0-8A0EC03B00B0}.Debug|Win32.Build.0 = Debug|Win32
		{B06A629B-7EAA-4265-A4C0-8A0EC03B00B0}.Release|Win32.ActiveCfg = Release|Win32
		{B06A629B-7EAA-4265-A4C0-8A0EC03B00B0}.Release|Win32.Build.0 = Release|Win32
		{2B522528-9660-4B78-8E2A-BC296C9B9937}.Debug|Win32.ActiveCfg = Debug|Win32
		{2B522528-9660-4B78-8E2A-BC296C9B9937}.Debug|Win32.Build.0 = Debug|Win32
		{2B522528-9660-4B78-8E2A-BC296C9B9937}.Release|Win32.ActiveCfg = Release|Win32
		{2B522528-9660-4B78-8E2A-BC296C9B9937}.Release|Win32.Build.0 = Release|Win32
		{2B522528-9660-4B78-8E2A-BC296C9BC0C0}.Debug|Win32.ActiveCfg = Debug|Win32
		{2B522528-9660-4B78-8E2A-BC296C9BC0C0}.Debug|Win32.Build.0 = Debug|Win32
		{2B522528-9660-4B78-8E2A-BC296C9BC0C0}.Release|Win32.ActiveCfg = Release|Win32
		{2B522528-9660-4B78-8E2A-BC296C9BC0C0}.Release|Win32.Build.0 = Release|Win32
	EndGlobalSection
	GlobalSection(SolutionProperties) = preSolution
		HideSolutionNode = FALSE
	EndGlobalSection
EndGlobal
