Microsoft Visual Studio Solution File, Format Version 9.00
# Visual Studio 2005
Project("{8BC9CEB8-8B4A-11D0-8D11-00A0C91BC942}") = "MMCore", "..\MMCore\MMCore.vcproj", "{36571628-728C-4ACD-A47F-503BA91C5D43}"
EndProject
Project("{8BC9CEB8-8B4A-11D0-8D11-00A0C91BC942}") = "MMCoreJ_wrap", "MMCoreJ_wrap.vcproj", "{EFA68887-8A97-49D7-BAB4-768E15A4E597}"
	ProjectSection(ProjectDependencies) = postProject
		{E69C9F0E-2608-4EAD-9AB1-75E8DEF7E053} = {E69C9F0E-2608-4EAD-9AB1-75E8DEF7E053}
		{5D1758C4-147E-4E06-9BF3-F4DDF23B5B97} = {5D1758C4-147E-4E06-9BF3-F4DDF23B5B97}
		{2EF7ACDC-F742-4CB6-B301-A242F52BE5C3} = {2EF7ACDC-F742-4CB6-B301-A242F52BE5C3}
		{1FCA5DD9-57F4-45A4-9141-8AE392E2AFE8} = {1FCA5DD9-57F4-45A4-9141-8AE392E2AFE8}
		{D29861C1-D0A2-44EB-BAD9-3808165609D8} = {D29861C1-D0A2-44EB-BAD9-3808165609D8}
		{A7A33BC0-0FEB-416F-8310-5C3ECF6BEAB6} = {A7A33BC0-0FEB-416F-8310-5C3ECF6BEAB6}
		{83FA5FB2-61F2-431F-BCC9-9278BE6C9CA0} = {83FA5FB2-61F2-431F-BCC9-9278BE6C9CA0}
		{85D14FAC-12F1-42BF-8E32-DD2DD62A6AC9} = {85D14FAC-12F1-42BF-8E32-DD2DD62A6AC9}
		{E0369FA6-1D4C-4FF7-AF9E-FC7B6FA07B1D} = {E0369FA6-1D4C-4FF7-AF9E-FC7B6FA07B1D}
		{806A629B-7EAA-4265-A4C0-8A0EC03B104F} = {806A629B-7EAA-4265-A4C0-8A0EC03B104F}
		{C37F1D81-B0FC-44B7-A2FE-DA88B9273F95} = {C37F1D81-B0FC-44B7-A2FE-DA88B9273F95}
		{6626896D-CA91-457B-9B78-242797B88FCF} = {6626896D-CA91-457B-9B78-242797B88FCF}
		{3645AD5B-44B8-4121-81FE-808067EFEA2A} = {3645AD5B-44B8-4121-81FE-808067EFEA2A}
		{46B55C59-887A-4755-8D1D-0017AC0D8EDB} = {46B55C59-887A-4755-8D1D-0017AC0D8EDB}
		{AC358657-0C2B-41B6-97C1-1EFB8481D82A} = {AC358657-0C2B-41B6-97C1-1EFB8481D82A}
		{19B83E51-446A-41DC-8899-ED2D59675933} = {19B83E51-446A-41DC-8899-ED2D59675933}
		{A28DEB4E-E645-4990-A91D-4A7FF6762239} = {A28DEB4E-E645-4990-A91D-4A7FF6762239}
		{A7148F42-8EE8-48B4-BFC9-F61AB8A3800D} = {A7148F42-8EE8-48B4-BFC9-F61AB8A3800D}
		{91CCB72B-852D-47D8-82FA-0E19A300A025} = {91CCB72B-852D-47D8-82FA-0E19A300A025}
		{36571628-728C-4ACD-A47F-503BA91C5D43} = {36571628-728C-4ACD-A47F-503BA91C5D43}
		{8A82B822-DA7A-464B-AE6F-8EFB5EDA2C19} = {8A82B822-DA7A-464B-AE6F-8EFB5EDA2C19}
	EndProjectSection
EndProject
Project("{8BC9CEB8-8B4A-11D0-8D11-00A0C91BC942}") = "DemoCamera", "..\DeviceAdapters\DemoCamera\DemoCamera.vcproj", "{806A629B-7EAA-4265-A4C0-8A0EC03B104F}"
EndProject
Project("{8BC9CEB8-8B4A-11D0-8D11-00A0C91BC942}") = "ParallelPort", "..\DeviceAdapters\ParallelPort\ParallelPort.vcproj", "{1FCA5DD9-57F4-45A4-9141-8AE392E2AFE8}"
EndProject
Project("{8BC9CEB8-8B4A-11D0-8D11-00A0C91BC942}") = "PVCAM", "..\DeviceAdapters\PVCAM\PVCAM.vcproj", "{A28DEB4E-E645-4990-A91D-4A7FF6762239}"
EndProject
Project("{8BC9CEB8-8B4A-11D0-8D11-00A0C91BC942}") = "Test_MMCore", "..\Test_MMCore\Test_MMCore.vcproj", "{83FA5FB2-61F2-431F-BCC9-9278BE6C9CA0}"
	ProjectSection(ProjectDependencies) = postProject
		{36571628-728C-4ACD-A47F-503BA91C5D43} = {36571628-728C-4ACD-A47F-503BA91C5D43}
	EndProjectSection
EndProject
Project("{8BC9CEB8-8B4A-11D0-8D11-00A0C91BC942}") = "ZeissMTB", "..\DeviceAdapters\ZeissMTB\ZeissMTB.vcproj", "{C37F1D81-B0FC-44B7-A2FE-DA88B9273F95}"
EndProject
Project("{8BC9CEB8-8B4A-11D0-8D11-00A0C91BC942}") = "SerialManager", "..\DeviceAdapters\SerialManager\SerialManager.vcproj", "{2EF7ACDC-F742-4CB6-B301-A242F52BE5C3}"
EndProject
Project("{8BC9CEB8-8B4A-11D0-8D11-00A0C91BC942}") = "SutterLambda", "..\DeviceAdapters\SutterLambda\SutterLambda.vcproj", "{3645AD5B-44B8-4121-81FE-808067EFEA2A}"
EndProject
Project("{8BC9CEB8-8B4A-11D0-8D11-00A0C91BC942}") = "Ludl", "..\DeviceAdapters\Ludl\Ludl.vcproj", "{8A82B822-DA7A-464B-AE6F-8EFB5EDA2C19}"
EndProject
Project("{8BC9CEB8-8B4A-11D0-8D11-00A0C91BC942}") = "Hamamatsu", "..\DeviceAdapters\Hamamatsu\Hamamatsu.vcproj", "{E0369FA6-1D4C-4FF7-AF9E-FC7B6FA07B1D}"
EndProject
Project("{8BC9CEB8-8B4A-11D0-8D11-00A0C91BC942}") = "Vincent", "..\DeviceAdapters\Vincent\Vincent.vcproj", "{19B83E51-446A-41DC-8899-ED2D59675933}"
EndProject
Project("{8BC9CEB8-8B4A-11D0-8D11-00A0C91BC942}") = "AOTF", "..\DeviceAdapters\AOTF\AOTF.vcproj", "{6626896D-CA91-457B-9B78-242797B88FCF}"
EndProject
Project("{8BC9CEB8-8B4A-11D0-8D11-00A0C91BC942}") = "Sensicam", "..\DeviceAdapters\Sensicam\Sensicam.vcproj", "{A7A33BC0-0FEB-416F-8310-5C3ECF6BEAB6}"
EndProject
Project("{8BC9CEB8-8B4A-11D0-8D11-00A0C91BC942}") = "NikonTE2000", "..\DeviceAdapters\NikonTE2000\NikonTE2000.vcproj", "{AC358657-0C2B-41B6-97C1-1EFB8481D82A}"
EndProject
Project("{8BC9CEB8-8B4A-11D0-8D11-00A0C91BC942}") = "Prior", "..\DeviceAdapters\Prior\Prior.vcproj", "{A7148F42-8EE8-48B4-BFC9-F61AB8A3800D}"
EndProject
Project("{8BC9CEB8-8B4A-11D0-8D11-00A0C91BC942}") = "DTOpenLayer", "..\DeviceAdapters\DTOpenLayer\DTOpenLayer.vcproj", "{D29861C1-D0A2-44EB-BAD9-3808165609D8}"
EndProject
Project("{8BC9CEB8-8B4A-11D0-8D11-00A0C91BC942}") = "Andor", "..\DeviceAdapters\Andor\Andor.vcproj", "{91CCB72B-852D-47D8-82FA-0E19A300A025}"
EndProject
Project("{8BC9CEB8-8B4A-11D0-8D11-00A0C91BC942}") = "StanfordPhotonics", "..\DeviceAdapters\StanfordPhotonics\StanfordPhotonics.vcproj", "{46B55C59-887A-4755-8D1D-0017AC0D8EDB}"
EndProject
Project("{8BC9CEB8-8B4A-11D0-8D11-00A0C91BC942}") = "Nikon", "..\DeviceAdapters\Nikon\Nikon.vcproj", "{85D14FAC-12F1-42BF-8E32-DD2DD62A6AC9}"
EndProject
Project("{8BC9CEB8-8B4A-11D0-8D11-00A0C91BC942}") = "ASIFW1000", "..\DeviceAdapters\ASIFW1000\ASIFW1000.vcproj", "{E69C9F0E-2608-4EAD-9AB1-75E8DEF7E053}"
EndProject
Project("{8BC9CEB8-8B4A-11D0-8D11-00A0C91BC942}") = "ASIStage", "..\DeviceAdapters\ASIStage\ASIStage.vcproj", "{5D1758C4-147E-4E06-9BF3-F4DDF23B5B97}"
EndProject
Global
	GlobalSection(SolutionConfigurationPlatforms) = preSolution
		Debug|Win32 = Debug|Win32
		Release|Win32 = Release|Win32
	EndGlobalSection
	GlobalSection(ProjectConfigurationPlatforms) = postSolution
		{36571628-728C-4ACD-A47F-503BA91C5D43}.Debug|Win32.ActiveCfg = Debug|Win32
		{36571628-728C-4ACD-A47F-503BA91C5D43}.Debug|Win32.Build.0 = Debug|Win32
		{36571628-728C-4ACD-A47F-503BA91C5D43}.Release|Win32.ActiveCfg = Release|Win32
		{36571628-728C-4ACD-A47F-503BA91C5D43}.Release|Win32.Build.0 = Release|Win32
		{EFA68887-8A97-49D7-BAB4-768E15A4E597}.Debug|Win32.ActiveCfg = Debug|Win32
		{EFA68887-8A97-49D7-BAB4-768E15A4E597}.Debug|Win32.Build.0 = Debug|Win32
		{EFA68887-8A97-49D7-BAB4-768E15A4E597}.Release|Win32.ActiveCfg = Release|Win32
		{EFA68887-8A97-49D7-BAB4-768E15A4E597}.Release|Win32.Build.0 = Release|Win32
		{806A629B-7EAA-4265-A4C0-8A0EC03B104F}.Debug|Win32.ActiveCfg = Debug|Win32
		{806A629B-7EAA-4265-A4C0-8A0EC03B104F}.Debug|Win32.Build.0 = Debug|Win32
		{806A629B-7EAA-4265-A4C0-8A0EC03B104F}.Release|Win32.ActiveCfg = Release|Win32
		{806A629B-7EAA-4265-A4C0-8A0EC03B104F}.Release|Win32.Build.0 = Release|Win32
		{1FCA5DD9-57F4-45A4-9141-8AE392E2AFE8}.Debug|Win32.ActiveCfg = Debug|Win32
		{1FCA5DD9-57F4-45A4-9141-8AE392E2AFE8}.Debug|Win32.Build.0 = Debug|Win32
		{1FCA5DD9-57F4-45A4-9141-8AE392E2AFE8}.Release|Win32.ActiveCfg = Release|Win32
		{1FCA5DD9-57F4-45A4-9141-8AE392E2AFE8}.Release|Win32.Build.0 = Release|Win32
		{A28DEB4E-E645-4990-A91D-4A7FF6762239}.Debug|Win32.ActiveCfg = Debug|Win32
		{A28DEB4E-E645-4990-A91D-4A7FF6762239}.Debug|Win32.Build.0 = Debug|Win32
		{A28DEB4E-E645-4990-A91D-4A7FF6762239}.Release|Win32.ActiveCfg = Release|Win32
		{A28DEB4E-E645-4990-A91D-4A7FF6762239}.Release|Win32.Build.0 = Release|Win32
		{83FA5FB2-61F2-431F-BCC9-9278BE6C9CA0}.Debug|Win32.ActiveCfg = Debug|Win32
		{83FA5FB2-61F2-431F-BCC9-9278BE6C9CA0}.Debug|Win32.Build.0 = Debug|Win32
		{83FA5FB2-61F2-431F-BCC9-9278BE6C9CA0}.Release|Win32.ActiveCfg = Release|Win32
		{83FA5FB2-61F2-431F-BCC9-9278BE6C9CA0}.Release|Win32.Build.0 = Release|Win32
		{C37F1D81-B0FC-44B7-A2FE-DA88B9273F95}.Debug|Win32.ActiveCfg = Debug|Win32
		{C37F1D81-B0FC-44B7-A2FE-DA88B9273F95}.Debug|Win32.Build.0 = Debug|Win32
		{C37F1D81-B0FC-44B7-A2FE-DA88B9273F95}.Release|Win32.ActiveCfg = Release|Win32
		{C37F1D81-B0FC-44B7-A2FE-DA88B9273F95}.Release|Win32.Build.0 = Release|Win32
		{2EF7ACDC-F742-4CB6-B301-A242F52BE5C3}.Debug|Win32.ActiveCfg = Debug|Win32
		{2EF7ACDC-F742-4CB6-B301-A242F52BE5C3}.Debug|Win32.Build.0 = Debug|Win32
		{2EF7ACDC-F742-4CB6-B301-A242F52BE5C3}.Release|Win32.ActiveCfg = Release|Win32
		{2EF7ACDC-F742-4CB6-B301-A242F52BE5C3}.Release|Win32.Build.0 = Release|Win32
		{3645AD5B-44B8-4121-81FE-808067EFEA2A}.Debug|Win32.ActiveCfg = Debug|Win32
		{3645AD5B-44B8-4121-81FE-808067EFEA2A}.Debug|Win32.Build.0 = Debug|Win32
		{3645AD5B-44B8-4121-81FE-808067EFEA2A}.Release|Win32.ActiveCfg = Release|Win32
		{3645AD5B-44B8-4121-81FE-808067EFEA2A}.Release|Win32.Build.0 = Release|Win32
		{8A82B822-DA7A-464B-AE6F-8EFB5EDA2C19}.Debug|Win32.ActiveCfg = Debug|Win32
		{8A82B822-DA7A-464B-AE6F-8EFB5EDA2C19}.Debug|Win32.Build.0 = Debug|Win32
		{8A82B822-DA7A-464B-AE6F-8EFB5EDA2C19}.Release|Win32.ActiveCfg = Release|Win32
		{8A82B822-DA7A-464B-AE6F-8EFB5EDA2C19}.Release|Win32.Build.0 = Release|Win32
		{E0369FA6-1D4C-4FF7-AF9E-FC7B6FA07B1D}.Debug|Win32.ActiveCfg = Debug|Win32
		{E0369FA6-1D4C-4FF7-AF9E-FC7B6FA07B1D}.Debug|Win32.Build.0 = Debug|Win32
		{E0369FA6-1D4C-4FF7-AF9E-FC7B6FA07B1D}.Release|Win32.ActiveCfg = Release|Win32
		{E0369FA6-1D4C-4FF7-AF9E-FC7B6FA07B1D}.Release|Win32.Build.0 = Release|Win32
		{19B83E51-446A-41DC-8899-ED2D59675933}.Debug|Win32.ActiveCfg = Debug|Win32
		{19B83E51-446A-41DC-8899-ED2D59675933}.Debug|Win32.Build.0 = Debug|Win32
		{19B83E51-446A-41DC-8899-ED2D59675933}.Release|Win32.ActiveCfg = Release|Win32
		{19B83E51-446A-41DC-8899-ED2D59675933}.Release|Win32.Build.0 = Release|Win32
		{6626896D-CA91-457B-9B78-242797B88FCF}.Debug|Win32.ActiveCfg = Debug|Win32
		{6626896D-CA91-457B-9B78-242797B88FCF}.Debug|Win32.Build.0 = Debug|Win32
		{6626896D-CA91-457B-9B78-242797B88FCF}.Release|Win32.ActiveCfg = Release|Win32
		{6626896D-CA91-457B-9B78-242797B88FCF}.Release|Win32.Build.0 = Release|Win32
		{A7A33BC0-0FEB-416F-8310-5C3ECF6BEAB6}.Debug|Win32.ActiveCfg = Debug|Win32
		{A7A33BC0-0FEB-416F-8310-5C3ECF6BEAB6}.Debug|Win32.Build.0 = Debug|Win32
		{A7A33BC0-0FEB-416F-8310-5C3ECF6BEAB6}.Release|Win32.ActiveCfg = Release|Win32
		{A7A33BC0-0FEB-416F-8310-5C3ECF6BEAB6}.Release|Win32.Build.0 = Release|Win32
		{AC358657-0C2B-41B6-97C1-1EFB8481D82A}.Debug|Win32.ActiveCfg = Debug|Win32
		{AC358657-0C2B-41B6-97C1-1EFB8481D82A}.Debug|Win32.Build.0 = Debug|Win32
		{AC358657-0C2B-41B6-97C1-1EFB8481D82A}.Release|Win32.ActiveCfg = Release|Win32
		{AC358657-0C2B-41B6-97C1-1EFB8481D82A}.Release|Win32.Build.0 = Release|Win32
		{A7148F42-8EE8-48B4-BFC9-F61AB8A3800D}.Debug|Win32.ActiveCfg = Debug|Win32
		{A7148F42-8EE8-48B4-BFC9-F61AB8A3800D}.Debug|Win32.Build.0 = Debug|Win32
		{A7148F42-8EE8-48B4-BFC9-F61AB8A3800D}.Release|Win32.ActiveCfg = Release|Win32
		{A7148F42-8EE8-48B4-BFC9-F61AB8A3800D}.Release|Win32.Build.0 = Release|Win32
		{D29861C1-D0A2-44EB-BAD9-3808165609D8}.Debug|Win32.ActiveCfg = Debug|Win32
		{D29861C1-D0A2-44EB-BAD9-3808165609D8}.Debug|Win32.Build.0 = Debug|Win32
		{D29861C1-D0A2-44EB-BAD9-3808165609D8}.Release|Win32.ActiveCfg = Release|Win32
		{D29861C1-D0A2-44EB-BAD9-3808165609D8}.Release|Win32.Build.0 = Release|Win32
		{91CCB72B-852D-47D8-82FA-0E19A300A025}.Debug|Win32.ActiveCfg = Debug|Win32
		{91CCB72B-852D-47D8-82FA-0E19A300A025}.Debug|Win32.Build.0 = Debug|Win32
		{91CCB72B-852D-47D8-82FA-0E19A300A025}.Release|Win32.ActiveCfg = Release|Win32
		{91CCB72B-852D-47D8-82FA-0E19A300A025}.Release|Win32.Build.0 = Release|Win32
		{46B55C59-887A-4755-8D1D-0017AC0D8EDB}.Debug|Win32.ActiveCfg = Debug|Win32
		{46B55C59-887A-4755-8D1D-0017AC0D8EDB}.Debug|Win32.Build.0 = Debug|Win32
		{46B55C59-887A-4755-8D1D-0017AC0D8EDB}.Release|Win32.ActiveCfg = Release|Win32
		{46B55C59-887A-4755-8D1D-0017AC0D8EDB}.Release|Win32.Build.0 = Release|Win32
		{85D14FAC-12F1-42BF-8E32-DD2DD62A6AC9}.Debug|Win32.ActiveCfg = Debug|Win32
		{85D14FAC-12F1-42BF-8E32-DD2DD62A6AC9}.Debug|Win32.Build.0 = Debug|Win32
		{85D14FAC-12F1-42BF-8E32-DD2DD62A6AC9}.Release|Win32.ActiveCfg = Release|Win32
		{85D14FAC-12F1-42BF-8E32-DD2DD62A6AC9}.Release|Win32.Build.0 = Release|Win32
		{E69C9F0E-2608-4EAD-9AB1-75E8DEF7E053}.Debug|Win32.ActiveCfg = Debug|Win32
		{E69C9F0E-2608-4EAD-9AB1-75E8DEF7E053}.Debug|Win32.Build.0 = Debug|Win32
		{E69C9F0E-2608-4EAD-9AB1-75E8DEF7E053}.Release|Win32.ActiveCfg = Release|Win32
		{E69C9F0E-2608-4EAD-9AB1-75E8DEF7E053}.Release|Win32.Build.0 = Release|Win32
		{5D1758C4-147E-4E06-9BF3-F4DDF23B5B97}.Debug|Win32.ActiveCfg = Debug|Win32
		{5D1758C4-147E-4E06-9BF3-F4DDF23B5B97}.Debug|Win32.Build.0 = Debug|Win32
		{5D1758C4-147E-4E06-9BF3-F4DDF23B5B97}.Release|Win32.ActiveCfg = Release|Win32
		{5D1758C4-147E-4E06-9BF3-F4DDF23B5B97}.Release|Win32.Build.0 = Release|Win32
	EndGlobalSection
	GlobalSection(SolutionProperties) = preSolution
		HideSolutionNode = FALSE
	EndGlobalSection
EndGlobal
