
Microsoft Visual Studio Solution File, Format Version 9.00
# Visual Studio 2005
Project("{8BC9CEB8-8B4A-11D0-8D11-00A0C91BC942}") = "Test_AndorKinetic", "Test_AndorKinetic.vcproj", "{B7D14BD1-42B1-47BD-A8F6-448EDA25EB34}"
EndProject
Global
	GlobalSection(SolutionConfigurationPlatforms) = preSolution
		Debug|Win32 = Debug|Win32
		Release|Win32 = Release|Win32
	EndGlobalSection
	GlobalSection(ProjectConfigurationPlatforms) = postSolution
		{B7D14BD1-42B1-47BD-A8F6-448EDA25EB34}.Debug|Win32.ActiveCfg = Debug|Win32
		{B7D14BD1-42B1-47BD-A8F6-448EDA25EB34}.Debug|Win32.Build.0 = Debug|Win32
		{B7D14BD1-42B1-47BD-A8F6-448EDA25EB34}.Release|Win32.ActiveCfg = Release|Win32
		{B7D14BD1-42B1-47BD-A8F6-448EDA25EB34}.Release|Win32.Build.0 = Release|Win32
	EndGlobalSection
	GlobalSection(SolutionProperties) = preSolution
		HideSolutionNode = FALSE
	EndGlobalSection
EndGlobal
