<?xml version="1.0" encoding="utf-8"?>
<Project ToolsVersion="4.0" xmlns="http://schemas.microsoft.com/developer/msbuild/2003">
  <ItemGroup>
    <Filter Include="Source Files">
      <UniqueIdentifier>{4FC737F1-C7A5-4376-A066-2A32D752A2FF}</UniqueIdentifier>
      <Extensions>cpp;c;cxx;def;odl;idl;hpj;bat;asm;asmx</Extensions>
    </Filter>
    <Filter Include="Header Files">
      <UniqueIdentifier>{93995380-89BD-4b04-88EB-625FBE52EBFB}</UniqueIdentifier>
      <Extensions>h;hpp;hxx;hm;inl;inc;xsd</Extensions>
    </Filter>
    <Filter Include="Resource Files">
      <UniqueIdentifier>{67DA6AB6-F800-4c08-8B7A-83BB121AAD01}</UniqueIdentifier>
      <Extensions>rc;ico;cur;bmp;dlg;rc2;rct;bin;rgs;gif;jpg;jpeg;jpe;resx</Extensions>
    </Filter>
  </ItemGroup>
  <ItemGroup>
    <ClCompile Include="ASIClocked.cpp">
      <Filter>Source Files</Filter>
    </ClCompile>
    <ClCompile Include="ASICRISP.cpp">
      <Filter>Source Files</Filter>
    </ClCompile>
    <ClCompile Include="ASIFWheel.cpp">
      <Filter>Source Files</Filter>
    </ClCompile>
    <ClCompile Include="ASIHub.cpp">
      <Filter>Source Files</Filter>
    </ClCompile>
    <ClCompile Include="ASIPiezo.cpp">
      <Filter>Source Files</Filter>
    </ClCompile>
    <ClCompile Include="ASITiger.cpp">
      <Filter>Source Files</Filter>
    </ClCompile>
    <ClCompile Include="ASITigerComm.cpp">
      <Filter>Source Files</Filter>
    </ClCompile>
    <ClCompile Include="ASIXYStage.cpp">
      <Filter>Source Files</Filter>
    </ClCompile>
    <ClCompile Include="ASIZStage.cpp">
      <Filter>Source Files</Filter>
    </ClCompile>
    <ClCompile Include="ASIScanner.cpp">
      <Filter>Source Files</Filter>
    </ClCompile>
    <ClCompile Include="ASILED.cpp">
      <Filter>Source Files</Filter>
    </ClCompile>
    <ClCompile Include="ASIPLogic.cpp">
      <Filter>Source Files</Filter>
    </ClCompile>
    <ClCompile Include="ASIPmt.cpp">
      <Filter>Source Files</Filter>
    </ClCompile>
  </ItemGroup>
  <ItemGroup>
    <ClInclude Include="ASIBase.h">
      <Filter>Header Files</Filter>
    </ClInclude>
    <ClInclude Include="ASIClocked.h">
      <Filter>Header Files</Filter>
    </ClInclude>
    <ClInclude Include="ASICRISP.h">
      <Filter>Header Files</Filter>
    </ClInclude>
    <ClInclude Include="ASIFWheel.h">
      <Filter>Header Files</Filter>
    </ClInclude>
    <ClInclude Include="ASIHub.h">
      <Filter>Header Files</Filter>
    </ClInclude>
    <ClInclude Include="ASIPeripheralBase.h">
      <Filter>Header Files</Filter>
    </ClInclude>
    <ClInclude Include="ASIPiezo.h">
      <Filter>Header Files</Filter>
    </ClInclude>
    <ClInclude Include="ASITiger.h">
      <Filter>Header Files</Filter>
    </ClInclude>
    <ClInclude Include="ASITigerComm.h">
      <Filter>Header Files</Filter>
    </ClInclude>
    <ClInclude Include="ASIXYStage.h">
      <Filter>Header Files</Filter>
    </ClInclude>
    <ClInclude Include="ASIZStage.h">
      <Filter>Header Files</Filter>
    </ClInclude>
    <ClInclude Include="ASIScanner.h">
      <Filter>Header Files</Filter>
    </ClInclude>
    <ClInclude Include="ASILED.h">
      <Filter>Header Files</Filter>
    </ClInclude>
    <ClInclude Include="ASIPLogic.h">
      <Filter>Header Files</Filter>
    </ClInclude>
    <ClInclude Include="ASIPmt.h">
      <Filter>Header Files</Filter>
    </ClInclude>
  </ItemGroup>
</Project>