<?xml version="1.0" encoding="utf-8"?>
<Project ToolsVersion="4.0" xmlns="http://schemas.microsoft.com/developer/msbuild/2003">
  <ItemGroup>
    <Filter Include="Source Files">
      <UniqueIdentifier>{4FC737F1-C7A5-4376-A066-2A32D752A2FF}</UniqueIdentifier>
      <Extensions>cpp;c;cc;cxx;def;odl;idl;hpj;bat;asm;asmx</Extensions>
    </Filter>
    <Filter Include="Header Files">
      <UniqueIdentifier>{93995380-89BD-4b04-88EB-625FBE52EBFB}</UniqueIdentifier>
      <Extensions>h;hpp;hxx;hm;inl;inc;xsd</Extensions>
    </Filter>
    <Filter Include="Resource Files">
      <UniqueIdentifier>{67DA6AB6-F800-4c08-8B7A-83BB121AAD01}</UniqueIdentifier>
      <Extensions>rc;ico;cur;bmp;dlg;rc2;rct;bin;rgs;gif;jpg;jpeg;jpe;resx;tiff;tif;png;wav;mfcribbon-ms</Extensions>
    </Filter>
  </ItemGroup>
  <ItemGroup>
    <ClInclude Include="IIDCCapture.h">
      <Filter>Header Files</Filter>
    </ClInclude>
    <ClInclude Include="IIDCError.h">
      <Filter>Header Files</Filter>
    </ClInclude>
    <ClInclude Include="IIDCFeature.h">
      <Filter>Header Files</Filter>
    </ClInclude>
    <ClInclude Include="IIDCInterface.h">
      <Filter>Header Files</Filter>
    </ClInclude>
    <ClInclude Include="IIDCVideoMode.h">
      <Filter>Header Files</Filter>
    </ClInclude>
    <ClInclude Include="MMIIDCCamera.h">
      <Filter>Header Files</Filter>
    </ClInclude>
    <ClInclude Include="IIDCCamera.h">
      <Filter>Header Files</Filter>
    </ClInclude>
    <ClInclude Include="IIDCConvert.h">
      <Filter>Header Files</Filter>
    </ClInclude>
    <ClInclude Include="IIDCUtils.h">
      <Filter>Header Files</Filter>
    </ClInclude>
  </ItemGroup>
  <ItemGroup>
    <ClCompile Include="IIDCCapture.cpp">
      <Filter>Source Files</Filter>
    </ClCompile>
    <ClCompile Include="IIDCFeature.cpp">
      <Filter>Source Files</Filter>
    </ClCompile>
    <ClCompile Include="IIDCInterface.cpp">
      <Filter>Source Files</Filter>
    </ClCompile>
    <ClCompile Include="IIDCVideoMode.cpp">
      <Filter>Source Files</Filter>
    </ClCompile>
    <ClCompile Include="MMIIDCCamera.cpp">
      <Filter>Source Files</Filter>
    </ClCompile>
    <ClCompile Include="IIDCCamera.cpp">
      <Filter>Source Files</Filter>
    </ClCompile>
    <ClCompile Include="IIDCUtils.cpp">
      <Filter>Source Files</Filter>
    </ClCompile>
  </ItemGroup>
</Project>