<?xml version="1.0" encoding="utf-8"?>
<Project ToolsVersion="4.0" xmlns="http://schemas.microsoft.com/developer/msbuild/2003">
  <ItemGroup>
    <Filter Include="Source Files">
      <UniqueIdentifier>{4FC737F1-C7A5-4376-A066-2A32D752A2FF}</UniqueIdentifier>
      <Extensions>cpp;c;cxx;def;odl;idl;hpj;bat;asm;asmx</Extensions>
    </Filter>
    <Filter Include="Header Files">
      <UniqueIdentifier>{93995380-89BD-4b04-88EB-625FBE52EBFB}</UniqueIdentifier>
      <Extensions>h;hpp;hxx;hm;inl;inc;xsd</Extensions>
    </Filter>
    <Filter Include="Resource Files">
      <UniqueIdentifier>{67DA6AB6-F800-4c08-8B7A-83BB121AAD01}</UniqueIdentifier>
      <Extensions>rc;ico;cur;bmp;dlg;rc2;rct;bin;rgs;gif;jpg;jpeg;jpe;resx</Extensions>
    </Filter>
  </ItemGroup>
  <ItemGroup>
    <ClCompile Include="PVCAMAdapter.cpp">
      <Filter>Source Files</Filter>
    </ClCompile>
    <ClCompile Include="PVCAMParam.cpp">
      <Filter>Source Files</Filter>
    </ClCompile>
    <ClCompile Include="PVCAMUniversal.cpp">
      <Filter>Source Files</Filter>
    </ClCompile>
    <ClCompile Include="PvDebayer.cpp">
      <Filter>Source Files</Filter>
    </ClCompile>
    <ClCompile Include="NotificationEntry.cpp">
      <Filter>Source Files</Filter>
    </ClCompile>
    <ClCompile Include="NotificationThread.cpp">
      <Filter>Source Files</Filter>
    </ClCompile>
    <ClCompile Include="PvCircularBuffer.cpp">
      <Filter>Source Files</Filter>
    </ClCompile>
    <ClCompile Include="PvFrameInfo.cpp">
      <Filter>Source Files</Filter>
    </ClCompile>
    <ClCompile Include="PollingThread.cpp">
      <Filter>Source Files</Filter>
    </ClCompile>
    <ClCompile Include="PpParam.cpp">
      <Filter>Source Files</Filter>
    </ClCompile>
    <ClCompile Include="AcqConfig.cpp">
      <Filter>Source Files</Filter>
    </ClCompile>
  </ItemGroup>
  <ItemGroup>
    <ClInclude Include="PVCAMAdapter.h">
      <Filter>Header Files</Filter>
    </ClInclude>
    <ClInclude Include="PVCAMParam.h">
      <Filter>Header Files</Filter>
    </ClInclude>
    <ClInclude Include="PvDebayer.h">
      <Filter>Header Files</Filter>
    </ClInclude>
    <ClInclude Include="NotificationEntry.h">
      <Filter>Header Files</Filter>
    </ClInclude>
    <ClInclude Include="NotificationThread.h">
      <Filter>Header Files</Filter>
    </ClInclude>
    <ClInclude Include="PvCircularBuffer.h">
      <Filter>Header Files</Filter>
    </ClInclude>
    <ClInclude Include="PvFrameInfo.h">
      <Filter>Header Files</Filter>
    </ClInclude>
    <ClInclude Include="PVCAMIncludes.h">
      <Filter>Header Files</Filter>
    </ClInclude>
    <ClInclude Include="PollingThread.h">
      <Filter>Header Files</Filter>
    </ClInclude>
    <ClInclude Include="PpParam.h">
      <Filter>Header Files</Filter>
    </ClInclude>
    <ClInclude Include="PvRoi.h">
      <Filter>Header Files</Filter>
    </ClInclude>
    <ClInclude Include="AcqConfig.h">
      <Filter>Header Files</Filter>
    </ClInclude>
  </ItemGroup>
</Project>