
Microsoft Visual Studio Solution File, Format Version 10.00
# Visual Studio 2008
Project("{8BC9CEB8-8B4A-11D0-8D11-00A0C91BC942}") = "PVCAM", "PVCAM.vcproj", "{A28DEB4E-E645-4990-A91D-4A7FF6762239}"
EndProject
Global
	GlobalSection(SolutionConfigurationPlatforms) = preSolution
		Debug|Win32 = Debug|Win32
		Debug|x64 = Debug|x64
		Quick|Win32 = Quick|Win32
		Quick|x64 = Quick|x64
		Release|Win32 = Release|Win32
		Release|x64 = Release|x64
	EndGlobalSection
	GlobalSection(ProjectConfigurationPlatforms) = postSolution
		{A28DEB4E-E645-4990-A91D-4A7FF6762239}.Debug|Win32.ActiveCfg = Debug|Win32
		{A28DEB4E-E645-4990-A91D-4A7FF6762239}.Debug|Win32.Build.0 = Debug|Win32
		{A28DEB4E-E645-4990-A91D-4A7FF6762239}.Debug|x64.ActiveCfg = Debug|x64
		{A28DEB4E-E645-4990-A91D-4A7FF6762239}.Debug|x64.Build.0 = Debug|x64
		{A28DEB4E-E645-4990-A91D-4A7FF6762239}.Quick|Win32.ActiveCfg = Release|x64
		{A28DEB4E-E645-4990-A91D-4A7FF6762239}.Quick|x64.ActiveCfg = Release|x64
		{A28DEB4E-E645-4990-A91D-4A7FF6762239}.Quick|x64.Build.0 = Release|x64
		{A28DEB4E-E645-4990-A91D-4A7FF6762239}.Release|Win32.ActiveCfg = Release|Win32
		{A28DEB4E-E645-4990-A91D-4A7FF6762239}.Release|Win32.Build.0 = Release|Win32
		{A28DEB4E-E645-4990-A91D-4A7FF6762239}.Release|x64.ActiveCfg = Release|x64
		{A28DEB4E-E645-4990-A91D-4A7FF6762239}.Release|x64.Build.0 = Release|x64
	EndGlobalSection
	GlobalSection(SolutionProperties) = preSolution
		HideSolutionNode = FALSE
	EndGlobalSection
EndGlobal
