<?xml version="1.0" encoding="utf-8"?>
<Project ToolsVersion="4.0" xmlns="http://schemas.microsoft.com/developer/msbuild/2003">
  <ItemGroup>
    <Filter Include="Source Files">
      <UniqueIdentifier>{4FC737F1-C7A5-4376-A066-2A32D752A2FF}</UniqueIdentifier>
      <Extensions>cpp;c;cxx;def;odl;idl;hpj;bat;asm;asmx</Extensions>
    </Filter>
    <Filter Include="Header Files">
      <UniqueIdentifier>{93995380-89BD-4b04-88EB-625FBE52EBFB}</UniqueIdentifier>
      <Extensions>h;hpp;hxx;hm;inl;inc;xsd</Extensions>
    </Filter>
  </ItemGroup>
  <ItemGroup>
    <ClCompile Include="Controller.cpp">
      <Filter>Source Files</Filter>
    </ClCompile>
    <ClCompile Include="PI_GCS_2.cpp">
      <Filter>Source Files</Filter>
    </ClCompile>
    <ClCompile Include="PIGCSControllerCom.cpp">
      <Filter>Source Files</Filter>
    </ClCompile>
    <ClCompile Include="PIGCSControllerDLL.cpp">
      <Filter>Source Files</Filter>
    </ClCompile>
    <ClCompile Include="PIXYStage_DLL.cpp">
      <Filter>Source Files</Filter>
    </ClCompile>
    <ClCompile Include="PIZStage_DLL.cpp">
      <Filter>Source Files</Filter>
    </ClCompile>
  </ItemGroup>
  <ItemGroup>
    <ClInclude Include="Controller.h">
      <Filter>Header Files</Filter>
    </ClInclude>
    <ClInclude Include="PI_GCS_2.h">
      <Filter>Header Files</Filter>
    </ClInclude>
    <ClInclude Include="PIGCSControllerCom.h">
      <Filter>Header Files</Filter>
    </ClInclude>
    <ClInclude Include="PIGCSControllerDLL.h">
      <Filter>Header Files</Filter>
    </ClInclude>
    <ClInclude Include="PIXYStage_DLL.h">
      <Filter>Header Files</Filter>
    </ClInclude>
    <ClInclude Include="PIZStage_DLL.h">
      <Filter>Header Files</Filter>
    </ClInclude>
  </ItemGroup>
</Project>