
Microsoft Visual Studio Solution File, Format Version 10.00
# Visual C++ Express 2008
Project("{8BC9CEB8-8B4A-11D0-8D11-00A0C91BC942}") = "mmlaunch", "mmlaunch\mmlaunch.vcproj", "{43FAED61-E4AB-4233-83E7-DE65D15D7497}"
EndProject
Global
	GlobalSection(SolutionConfigurationPlatforms) = preSolution
		Debug|Win32 = Debug|Win32
		Release|Win32 = Release|Win32
	EndGlobalSection
	GlobalSection(ProjectConfigurationPlatforms) = postSolution
		{43FAED61-E4AB-4233-83E7-DE65D15D7497}.Debug|Win32.ActiveCfg = Debug|Win32
		{43FAED61-E4AB-4233-83E7-DE65D15D7497}.Debug|Win32.Build.0 = Debug|Win32
		{43FAED61-E4AB-4233-83E7-DE65D15D7497}.Release|Win32.ActiveCfg = Release|Win32
		{43FAED61-E4AB-4233-83E7-DE65D15D7497}.Release|Win32.Build.0 = Release|Win32
	EndGlobalSection
	GlobalSection(SolutionProperties) = preSolution
		HideSolutionNode = FALSE
	EndGlobalSection
EndGlobal
